// !$*UTF8*$!
{
	archiveVersion = 1;
	classes = {
	};
	objectVersion = 77;
	objects = {

/* Begin PBXBuildFile section */
		3557C7182A826A1200C72F17 /* cafelogos_posApp.swift in Sources */ = {isa = PBXBuildFile; fileRef = 3557C7172A826A1200C72F17 /* cafelogos_posApp.swift */; };
		3557C71C2A826A1300C72F17 /* Assets.xcassets in Resources */ = {isa = PBXBuildFile; fileRef = 3557C71B2A826A1300C72F17 /* Assets.xcassets */; };
		3557C71F2A826A1300C72F17 /* Preview Assets.xcassets in Resources */ = {isa = PBXBuildFile; fileRef = 3557C71E2A826A1300C72F17 /* Preview Assets.xcassets */; };
		3586BDF72A8FC479009E346E /* .gitignore in Resources */ = {isa = PBXBuildFile; fileRef = 3586BDF62A8FC479009E346E /* .gitignore */; };
		35B289952C31BD120014AD63 /* Signing.xcconfig in Resources */ = {isa = PBXBuildFile; fileRef = 35B289922C31BD120014AD63 /* Signing.xcconfig */; };
		35B289962C31BD120014AD63 /* Debug.xcconfig in Resources */ = {isa = PBXBuildFile; fileRef = 35B289932C31BD120014AD63 /* Debug.xcconfig */; };
		35B289972C31BD120014AD63 /* Release.xcconfig in Resources */ = {isa = PBXBuildFile; fileRef = 35B289942C31BD120014AD63 /* Release.xcconfig */; };
		35E810A82C31AC0300E56F2D /* LogoREGICore in Frameworks */ = {isa = PBXBuildFile; productRef = 35E810A72C31AC0300E56F2D /* LogoREGICore */; };
		35E810AA2C31AC0600E56F2D /* LogoREGIUI in Frameworks */ = {isa = PBXBuildFile; productRef = 35E810A92C31AC0600E56F2D /* LogoREGIUI */; };
/* End PBXBuildFile section */

/* Begin PBXFileReference section */
		3557C7142A826A1200C72F17 /* cafelogos-pos.app */ = {isa = PBXFileReference; explicitFileType = wrapper.application; includeInIndex = 0; path = "cafelogos-pos.app"; sourceTree = BUILT_PRODUCTS_DIR; };
		3557C7172A826A1200C72F17 /* cafelogos_posApp.swift */ = {isa = PBXFileReference; lastKnownFileType = sourcecode.swift; path = cafelogos_posApp.swift; sourceTree = "<group>"; };
		3557C71B2A826A1300C72F17 /* Assets.xcassets */ = {isa = PBXFileReference; lastKnownFileType = folder.assetcatalog; path = Assets.xcassets; sourceTree = "<group>"; };
		3557C71E2A826A1300C72F17 /* Preview Assets.xcassets */ = {isa = PBXFileReference; lastKnownFileType = folder.assetcatalog; path = "Preview Assets.xcassets"; sourceTree = "<group>"; };
		3586BDF62A8FC479009E346E /* .gitignore */ = {isa = PBXFileReference; lastKnownFileType = text; path = .gitignore; sourceTree = "<group>"; };
		35B289922C31BD120014AD63 /* Signing.xcconfig */ = {isa = PBXFileReference; fileEncoding = 4; lastKnownFileType = text.xcconfig; path = Signing.xcconfig; sourceTree = "<group>"; };
		35B289932C31BD120014AD63 /* Debug.xcconfig */ = {isa = PBXFileReference; fileEncoding = 4; lastKnownFileType = text.xcconfig; path = Debug.xcconfig; sourceTree = "<group>"; };
		35B289942C31BD120014AD63 /* Release.xcconfig */ = {isa = PBXFileReference; fileEncoding = 4; lastKnownFileType = text.xcconfig; path = Release.xcconfig; sourceTree = "<group>"; };
		EBE8FF9B2AD1BCCC002011B5 /* Info.plist */ = {isa = PBXFileReference; lastKnownFileType = text.plist; path = Info.plist; sourceTree = "<group>"; };
/* End PBXFileReference section */

/* Begin PBXFrameworksBuildPhase section */
		3557C7112A826A1200C72F17 /* Frameworks */ = {
			isa = PBXFrameworksBuildPhase;
			buildActionMask = 2147483647;
			files = (
				35E810AA2C31AC0600E56F2D /* LogoREGIUI in Frameworks */,
				35E810A82C31AC0300E56F2D /* LogoREGICore in Frameworks */,
			);
			runOnlyForDeploymentPostprocessing = 0;
		};
/* End PBXFrameworksBuildPhase section */

/* Begin PBXGroup section */
		3557C70B2A826A1200C72F17 = {
			isa = PBXGroup;
			children = (
				35B289932C31BD120014AD63 /* Debug.xcconfig */,
				35B289942C31BD120014AD63 /* Release.xcconfig */,
				35B289922C31BD120014AD63 /* Signing.xcconfig */,
				3586BDF62A8FC479009E346E /* .gitignore */,
				3557C7162A826A1200C72F17 /* App */,
				3557C7152A826A1200C72F17 /* Products */,
				3564D86D2C319740000D8936 /* Frameworks */,
			);
			sourceTree = "<group>";
		};
		3557C7152A826A1200C72F17 /* Products */ = {
			isa = PBXGroup;
			children = (
				3557C7142A826A1200C72F17 /* cafelogos-pos.app */,
			);
			name = Products;
			sourceTree = "<group>";
		};
		3557C7162A826A1200C72F17 /* App */ = {
			isa = PBXGroup;
			children = (
				EBE8FF9B2AD1BCCC002011B5 /* Info.plist */,
				3557C7172A826A1200C72F17 /* cafelogos_posApp.swift */,
				3557C71B2A826A1300C72F17 /* Assets.xcassets */,
				3557C71D2A826A1300C72F17 /* Preview Content */,
			);
			path = App;
			sourceTree = "<group>";
		};
		3557C71D2A826A1300C72F17 /* Preview Content */ = {
			isa = PBXGroup;
			children = (
				3557C71E2A826A1300C72F17 /* Preview Assets.xcassets */,
			);
			path = "Preview Content";
			sourceTree = "<group>";
		};
		3564D86D2C319740000D8936 /* Frameworks */ = {
			isa = PBXGroup;
			children = (
			);
			name = Frameworks;
			sourceTree = "<group>";
		};
/* End PBXGroup section */

/* Begin PBXNativeTarget section */
		3557C7132A826A1200C72F17 /* cafelogos-pos */ = {
			isa = PBXNativeTarget;
			buildConfigurationList = 3557C7382A826A1300C72F17 /* Build configuration list for PBXNativeTarget "cafelogos-pos" */;
			buildPhases = (
				3557C7102A826A1200C72F17 /* Sources */,
				3557C7112A826A1200C72F17 /* Frameworks */,
				3557C7122A826A1200C72F17 /* Resources */,
			);
			buildRules = (
			);
			dependencies = (
			);
			name = "cafelogos-pos";
			packageProductDependencies = (
				35E810A72C31AC0300E56F2D /* LogoREGICore */,
				35E810A92C31AC0600E56F2D /* LogoREGIUI */,
			);
			productName = "cafelogos-pos";
			productReference = 3557C7142A826A1200C72F17 /* cafelogos-pos.app */;
			productType = "com.apple.product-type.application";
		};
/* End PBXNativeTarget section */

/* Begin PBXProject section */
		3557C70C2A826A1200C72F17 /* Project object */ = {
			isa = PBXProject;
			attributes = {
				BuildIndependentTargetsInParallel = 1;
				LastSwiftUpdateCheck = 1430;
				LastUpgradeCheck = 1610;
				TargetAttributes = {
					3557C7132A826A1200C72F17 = {
						CreatedOnToolsVersion = 14.3.1;
					};
				};
			};
			buildConfigurationList = 3557C70F2A826A1200C72F17 /* Build configuration list for PBXProject "App" */;
			developmentRegion = ja;
			hasScannedForEncodings = 0;
			knownRegions = (
				en,
				Base,
				ja,
			);
			mainGroup = 3557C70B2A826A1200C72F17;
			packageReferences = (
			);
			preferredProjectObjectVersion = 77;
			productRefGroup = 3557C7152A826A1200C72F17 /* Products */;
			projectDirPath = "";
			projectRoot = "";
			targets = (
				3557C7132A826A1200C72F17 /* cafelogos-pos */,
			);
		};
/* End PBXProject section */

/* Begin PBXResourcesBuildPhase section */
		3557C7122A826A1200C72F17 /* Resources */ = {
			isa = PBXResourcesBuildPhase;
			buildActionMask = 2147483647;
			files = (
				3557C71F2A826A1300C72F17 /* Preview Assets.xcassets in Resources */,
				3586BDF72A8FC479009E346E /* .gitignore in Resources */,
				35B289972C31BD120014AD63 /* Release.xcconfig in Resources */,
				35B289952C31BD120014AD63 /* Signing.xcconfig in Resources */,
				35B289962C31BD120014AD63 /* Debug.xcconfig in Resources */,
				3557C71C2A826A1300C72F17 /* Assets.xcassets in Resources */,
			);
			runOnlyForDeploymentPostprocessing = 0;
		};
/* End PBXResourcesBuildPhase section */

/* Begin PBXSourcesBuildPhase section */
		3557C7102A826A1200C72F17 /* Sources */ = {
			isa = PBXSourcesBuildPhase;
			buildActionMask = 2147483647;
			files = (
				3557C7182A826A1200C72F17 /* cafelogos_posApp.swift in Sources */,
			);
			runOnlyForDeploymentPostprocessing = 0;
		};
/* End PBXSourcesBuildPhase section */

/* Begin XCBuildConfiguration section */
		3557C7362A826A1300C72F17 /* Debug */ = {
			isa = XCBuildConfiguration;
			buildSettings = {
				ALWAYS_SEARCH_USER_PATHS = NO;
				ASSETCATALOG_COMPILER_GENERATE_SWIFT_ASSET_SYMBOL_EXTENSIONS = YES;
				CLANG_ANALYZER_NONNULL = YES;
				CLANG_ANALYZER_NUMBER_OBJECT_CONVERSION = YES_AGGRESSIVE;
				CLANG_CXX_LANGUAGE_STANDARD = "gnu++20";
				CLANG_ENABLE_MODULES = YES;
				CLANG_ENABLE_OBJC_ARC = YES;
				CLANG_ENABLE_OBJC_WEAK = YES;
				CLANG_WARN_BLOCK_CAPTURE_AUTORELEASING = YES;
				CLANG_WARN_BOOL_CONVERSION = YES;
				CLANG_WARN_COMMA = YES;
				CLANG_WARN_CONSTANT_CONVERSION = YES;
				CLANG_WARN_DEPRECATED_OBJC_IMPLEMENTATIONS = YES;
				CLANG_WARN_DIRECT_OBJC_ISA_USAGE = YES_ERROR;
				CLANG_WARN_DOCUMENTATION_COMMENTS = YES;
				CLANG_WARN_EMPTY_BODY = YES;
				CLANG_WARN_ENUM_CONVERSION = YES;
				CLANG_WARN_INFINITE_RECURSION = YES;
				CLANG_WARN_INT_CONVERSION = YES;
				CLANG_WARN_NON_LITERAL_NULL_CONVERSION = YES;
				CLANG_WARN_OBJC_IMPLICIT_RETAIN_SELF = YES;
				CLANG_WARN_OBJC_LITERAL_CONVERSION = YES;
				CLANG_WARN_OBJC_ROOT_CLASS = YES_ERROR;
				CLANG_WARN_QUOTED_INCLUDE_IN_FRAMEWORK_HEADER = YES;
				CLANG_WARN_RANGE_LOOP_ANALYSIS = YES;
				CLANG_WARN_STRICT_PROTOTYPES = YES;
				CLANG_WARN_SUSPICIOUS_MOVE = YES;
				CLANG_WARN_UNGUARDED_AVAILABILITY = YES_AGGRESSIVE;
				CLANG_WARN_UNREACHABLE_CODE = YES;
				CLANG_WARN__DUPLICATE_METHOD_MATCH = YES;
				COPY_PHASE_STRIP = NO;
				DEBUG_INFORMATION_FORMAT = dwarf;
				ENABLE_STRICT_OBJC_MSGSEND = YES;
				ENABLE_TESTABILITY = YES;
				ENABLE_USER_SCRIPT_SANDBOXING = YES;
				GCC_C_LANGUAGE_STANDARD = gnu11;
				GCC_DYNAMIC_NO_PIC = NO;
				GCC_NO_COMMON_BLOCKS = YES;
				GCC_OPTIMIZATION_LEVEL = 0;
				GCC_PREPROCESSOR_DEFINITIONS = (
					"DEBUG=1",
					"$(inherited)",
				);
				GCC_WARN_64_TO_32_BIT_CONVERSION = YES;
				GCC_WARN_ABOUT_RETURN_TYPE = YES_ERROR;
				GCC_WARN_UNDECLARED_SELECTOR = YES;
				GCC_WARN_UNINITIALIZED_AUTOS = YES_AGGRESSIVE;
				GCC_WARN_UNUSED_FUNCTION = YES;
				GCC_WARN_UNUSED_VARIABLE = YES;
				IPHONEOS_DEPLOYMENT_TARGET = 16.4;
				MTL_ENABLE_DEBUG_INFO = INCLUDE_SOURCE;
				MTL_FAST_MATH = YES;
				ONLY_ACTIVE_ARCH = YES;
				SDKROOT = iphoneos;
				SWIFT_ACTIVE_COMPILATION_CONDITIONS = DEBUG;
				SWIFT_OPTIMIZATION_LEVEL = "-Onone";
				SWIFT_VERSION = 6.0;
			};
			name = Debug;
		};
		3557C7372A826A1300C72F17 /* Release */ = {
			isa = XCBuildConfiguration;
			buildSettings = {
				ALWAYS_SEARCH_USER_PATHS = NO;
				ASSETCATALOG_COMPILER_GENERATE_SWIFT_ASSET_SYMBOL_EXTENSIONS = YES;
				CLANG_ANALYZER_NONNULL = YES;
				CLANG_ANALYZER_NUMBER_OBJECT_CONVERSION = YES_AGGRESSIVE;
				CLANG_CXX_LANGUAGE_STANDARD = "gnu++20";
				CLANG_ENABLE_MODULES = YES;
				CLANG_ENABLE_OBJC_ARC = YES;
				CLANG_ENABLE_OBJC_WEAK = YES;
				CLANG_WARN_BLOCK_CAPTURE_AUTORELEASING = YES;
				CLANG_WARN_BOOL_CONVERSION = YES;
				CLANG_WARN_COMMA = YES;
				CLANG_WARN_CONSTANT_CONVERSION = YES;
				CLANG_WARN_DEPRECATED_OBJC_IMPLEMENTATIONS = YES;
				CLANG_WARN_DIRECT_OBJC_ISA_USAGE = YES_ERROR;
				CLANG_WARN_DOCUMENTATION_COMMENTS = YES;
				CLANG_WARN_EMPTY_BODY = YES;
				CLANG_WARN_ENUM_CONVERSION = YES;
				CLANG_WARN_INFINITE_RECURSION = YES;
				CLANG_WARN_INT_CONVERSION = YES;
				CLANG_WARN_NON_LITERAL_NULL_CONVERSION = YES;
				CLANG_WARN_OBJC_IMPLICIT_RETAIN_SELF = YES;
				CLANG_WARN_OBJC_LITERAL_CONVERSION = YES;
				CLANG_WARN_OBJC_ROOT_CLASS = YES_ERROR;
				CLANG_WARN_QUOTED_INCLUDE_IN_FRAMEWORK_HEADER = YES;
				CLANG_WARN_RANGE_LOOP_ANALYSIS = YES;
				CLANG_WARN_STRICT_PROTOTYPES = YES;
				CLANG_WARN_SUSPICIOUS_MOVE = YES;
				CLANG_WARN_UNGUARDED_AVAILABILITY = YES_AGGRESSIVE;
				CLANG_WARN_UNREACHABLE_CODE = YES;
				CLANG_WARN__DUPLICATE_METHOD_MATCH = YES;
				COPY_PHASE_STRIP = NO;
				DEBUG_INFORMATION_FORMAT = "dwarf-with-dsym";
				ENABLE_NS_ASSERTIONS = NO;
				ENABLE_STRICT_OBJC_MSGSEND = YES;
				ENABLE_USER_SCRIPT_SANDBOXING = YES;
				GCC_C_LANGUAGE_STANDARD = gnu11;
				GCC_NO_COMMON_BLOCKS = YES;
				GCC_WARN_64_TO_32_BIT_CONVERSION = YES;
				GCC_WARN_ABOUT_RETURN_TYPE = YES_ERROR;
				GCC_WARN_UNDECLARED_SELECTOR = YES;
				GCC_WARN_UNINITIALIZED_AUTOS = YES_AGGRESSIVE;
				GCC_WARN_UNUSED_FUNCTION = YES;
				GCC_WARN_UNUSED_VARIABLE = YES;
				IPHONEOS_DEPLOYMENT_TARGET = 16.4;
				MTL_ENABLE_DEBUG_INFO = NO;
				MTL_FAST_MATH = YES;
				SDKROOT = iphoneos;
				SWIFT_COMPILATION_MODE = wholemodule;
				SWIFT_OPTIMIZATION_LEVEL = "-O";
				SWIFT_VERSION = 6.0;
				VALIDATE_PRODUCT = YES;
			};
			name = Release;
		};
		3557C7392A826A1300C72F17 /* Debug */ = {
			isa = XCBuildConfiguration;
			baseConfigurationReference = 35B289932C31BD120014AD63 /* Debug.xcconfig */;
			buildSettings = {
				ASSETCATALOG_COMPILER_APPICON_NAME = AppIcon;
				ASSETCATALOG_COMPILER_GLOBAL_ACCENT_COLOR_NAME = AccentColor;
				CURRENT_PROJECT_VERSION = 1;
				DEVELOPMENT_ASSET_PATHS = "\"App/Preview Content\"";
				ENABLE_PREVIEWS = YES;
				GENERATE_INFOPLIST_FILE = YES;
				INFOPLIST_FILE = App/Info.plist;
				INFOPLIST_KEY_CFBundleDisplayName = LogoREGI;
				INFOPLIST_KEY_NSBluetoothPeripheralUsageDescription = "Use Bluetooth for communication with the printer.";
				INFOPLIST_KEY_NSLocalNetworkUsageDescription = "Use Local Network for communication with the printer or discovery the printers.";
				INFOPLIST_KEY_NSPhotoLibraryUsageDescription = "Use screenshot for casher closing";
				INFOPLIST_KEY_UIApplicationSceneManifest_Generation = YES;
				INFOPLIST_KEY_UIApplicationSupportsIndirectInputEvents = YES;
				INFOPLIST_KEY_UIRequiresFullScreen = YES;
				INFOPLIST_KEY_UISupportedInterfaceOrientations = "UIInterfaceOrientationLandscapeLeft UIInterfaceOrientationLandscapeRight";
				IPHONEOS_DEPLOYMENT_TARGET = 17.0;
				LD_RUNPATH_SEARCH_PATHS = (
					"$(inherited)",
					"@executable_path/Frameworks",
				);
				MARKETING_VERSION = 1.0;
				PRODUCT_BUNDLE_IDENTIFIER = "cloud.kagura.cafelogos-pos-1006";
				PRODUCT_NAME = "$(TARGET_NAME)";
				SUPPORTED_PLATFORMS = "iphoneos iphonesimulator";
				SUPPORTS_MACCATALYST = NO;
				SUPPORTS_MAC_DESIGNED_FOR_IPHONE_IPAD = YES;
				SWIFT_EMIT_LOC_STRINGS = YES;
				SWIFT_VERSION = 6.0;
				TARGETED_DEVICE_FAMILY = 2;
			};
			name = Debug;
		};
		3557C73A2A826A1300C72F17 /* Release */ = {
			isa = XCBuildConfiguration;
			baseConfigurationReference = 35B289942C31BD120014AD63 /* Release.xcconfig */;
			buildSettings = {
				ASSETCATALOG_COMPILER_APPICON_NAME = AppIcon;
				ASSETCATALOG_COMPILER_GLOBAL_ACCENT_COLOR_NAME = AccentColor;
				CURRENT_PROJECT_VERSION = 1;
				DEVELOPMENT_ASSET_PATHS = "\"App/Preview Content\"";
				ENABLE_PREVIEWS = YES;
				GENERATE_INFOPLIST_FILE = YES;
				INFOPLIST_FILE = App/Info.plist;
				INFOPLIST_KEY_CFBundleDisplayName = LogoREGI;
				INFOPLIST_KEY_NSBluetoothPeripheralUsageDescription = "Use Bluetooth for communication with the printer.";
				INFOPLIST_KEY_NSLocalNetworkUsageDescription = "Use Local Network for communication with the printer or discovery the printers.";
				INFOPLIST_KEY_NSPhotoLibraryUsageDescription = "Use screenshot for casher closing";
				INFOPLIST_KEY_UIApplicationSceneManifest_Generation = YES;
				INFOPLIST_KEY_UIApplicationSupportsIndirectInputEvents = YES;
				INFOPLIST_KEY_UIRequiresFullScreen = YES;
				INFOPLIST_KEY_UISupportedInterfaceOrientations = "UIInterfaceOrientationLandscapeLeft UIInterfaceOrientationLandscapeRight";
				IPHONEOS_DEPLOYMENT_TARGET = 17.0;
				LD_RUNPATH_SEARCH_PATHS = (
					"$(inherited)",
					"@executable_path/Frameworks",
				);
				MARKETING_VERSION = 1.0;
				PRODUCT_BUNDLE_IDENTIFIER = "cloud.kagura.cafelogos-pos-1006";
				PRODUCT_NAME = "$(TARGET_NAME)";
				SUPPORTED_PLATFORMS = "iphoneos iphonesimulator";
				SUPPORTS_MACCATALYST = NO;
				SUPPORTS_MAC_DESIGNED_FOR_IPHONE_IPAD = YES;
				SWIFT_EMIT_LOC_STRINGS = YES;
				SWIFT_VERSION = 6.0;
				TARGETED_DEVICE_FAMILY = 2;
			};
			name = Release;
		};
/* End XCBuildConfiguration section */

/* Begin XCConfigurationList section */
		3557C70F2A826A1200C72F17 /* Build configuration list for PBXProject "App" */ = {
			isa = XCConfigurationList;
			buildConfigurations = (
				3557C7362A826A1300C72F17 /* Debug */,
				3557C7372A826A1300C72F17 /* Release */,
			);
			defaultConfigurationIsVisible = 0;
			defaultConfigurationName = Release;
		};
		3557C7382A826A1300C72F17 /* Build configuration list for PBXNativeTarget "cafelogos-pos" */ = {
			isa = XCConfigurationList;
			buildConfigurations = (
				3557C7392A826A1300C72F17 /* Debug */,
				3557C73A2A826A1300C72F17 /* Release */,
			);
			defaultConfigurationIsVisible = 0;
			defaultConfigurationName = Release;
		};
/* End XCConfigurationList section */

/* Begin XCSwiftPackageProductDependency section */
		35E810A72C31AC0300E56F2D /* LogoREGICore */ = {
			isa = XCSwiftPackageProductDependency;
			productName = LogoREGICore;
		};
		35E810A92C31AC0600E56F2D /* LogoREGIUI */ = {
			isa = XCSwiftPackageProductDependency;
			productName = LogoREGIUI;
		};
/* End XCSwiftPackageProductDependency section */
	};
	rootObject = 3557C70C2A826A1200C72F17 /* Project object */;
}
