// !$*UTF8*$!
{
	archiveVersion = 1;
	classes = {
	};
	objectVersion = 56;
	objects = {

/* Begin PBXBuildFile section */
		3557C7182A826A1200C72F17 /* cafelogos_posApp.swift in Sources */ = {isa = PBXBuildFile; fileRef = 3557C7172A826A1200C72F17 /* cafelogos_posApp.swift */; };
		3557C71A2A826A1200C72F17 /* ContentView.swift in Sources */ = {isa = PBXBuildFile; fileRef = 3557C7192A826A1200C72F17 /* ContentView.swift */; };
		3557C71C2A826A1300C72F17 /* Assets.xcassets in Resources */ = {isa = PBXBuildFile; fileRef = 3557C71B2A826A1300C72F17 /* Assets.xcassets */; };
		3557C71F2A826A1300C72F17 /* Preview Assets.xcassets in Resources */ = {isa = PBXBuildFile; fileRef = 3557C71E2A826A1300C72F17 /* Preview Assets.xcassets */; };
		3557C7292A826A1300C72F17 /* cafelogos_posTests.swift in Sources */ = {isa = PBXBuildFile; fileRef = 3557C7282A826A1300C72F17 /* cafelogos_posTests.swift */; };
		3557C7332A826A1300C72F17 /* cafelogos_posUITests.swift in Sources */ = {isa = PBXBuildFile; fileRef = 3557C7322A826A1300C72F17 /* cafelogos_posUITests.swift */; };
		3557C7352A826A1300C72F17 /* cafelogos_posUITestsLaunchTests.swift in Sources */ = {isa = PBXBuildFile; fileRef = 3557C7342A826A1300C72F17 /* cafelogos_posUITestsLaunchTests.swift */; };
		EB38B4632A9510DE003BFFA6 /* NavBarBody.swift in Sources */ = {isa = PBXBuildFile; fileRef = EB38B4622A9510DE003BFFA6 /* NavBarBody.swift */; };
		EB38B4692A951F73003BFFA6 /* HomeSubButton.swift in Sources */ = {isa = PBXBuildFile; fileRef = EB38B4682A951F73003BFFA6 /* HomeSubButton.swift */; };
		EB38B46B2A951F83003BFFA6 /* HomeMainButton.swift in Sources */ = {isa = PBXBuildFile; fileRef = EB38B46A2A951F83003BFFA6 /* HomeMainButton.swift */; };
		3586BDDA2A8F531F009E346E /* CoffeeProduct.swift in Sources */ = {isa = PBXBuildFile; fileRef = 3586BDD92A8F531F009E346E /* CoffeeProduct.swift */; };
		3586BDDC2A8F716E009E346E /* CoffeeBean.swift in Sources */ = {isa = PBXBuildFile; fileRef = 3586BDDB2A8F716E009E346E /* CoffeeBean.swift */; };
		3586BDDE2A8F7494009E346E /* CoffeeHowToBrew.swift in Sources */ = {isa = PBXBuildFile; fileRef = 3586BDDD2A8F7494009E346E /* CoffeeHowToBrew.swift */; };
		3586BDE02A8F76B1009E346E /* OtherProduct.swift in Sources */ = {isa = PBXBuildFile; fileRef = 3586BDDF2A8F76B1009E346E /* OtherProduct.swift */; };
		3586BDE42A8F798E009E346E /* ProductCategory.swift in Sources */ = {isa = PBXBuildFile; fileRef = 3586BDE32A8F798E009E346E /* ProductCategory.swift */; };
		3586BDE62A8F79C1009E346E /* Stock.swift in Sources */ = {isa = PBXBuildFile; fileRef = 3586BDE52A8F79C1009E346E /* Stock.swift */; };
		3586BDE82A8F7A9A009E346E /* Denomination.swift in Sources */ = {isa = PBXBuildFile; fileRef = 3586BDE72A8F7A9A009E346E /* Denomination.swift */; };
		3586BDEA2A8F7D43009E346E /* CartItem.swift in Sources */ = {isa = PBXBuildFile; fileRef = 3586BDE92A8F7D43009E346E /* CartItem.swift */; };
		3586BDEC2A8F7E24009E346E /* Cart.swift in Sources */ = {isa = PBXBuildFile; fileRef = 3586BDEB2A8F7E24009E346E /* Cart.swift */; };
		3586BDEE2A8F8090009E346E /* Denominations.swift in Sources */ = {isa = PBXBuildFile; fileRef = 3586BDED2A8F8090009E346E /* Denominations.swift */; };
		3586BDF12A8F81B6009E346E /* DenominationsTests.swift in Sources */ = {isa = PBXBuildFile; fileRef = 3586BDF02A8F81B6009E346E /* DenominationsTests.swift */; };
		3586BDF32A8FA19C009E346E /* CartTests.swift in Sources */ = {isa = PBXBuildFile; fileRef = 3586BDF22A8FA19C009E346E /* CartTests.swift */; };
		3586BDF52A8FAD48009E346E /* LogosError.swift in Sources */ = {isa = PBXBuildFile; fileRef = 3586BDF42A8FAD48009E346E /* LogosError.swift */; };
		3586BDF72A8FC479009E346E /* .gitignore in Resources */ = {isa = PBXBuildFile; fileRef = 3586BDF62A8FC479009E346E /* .gitignore */; };
		35FDCD5D2A8FE1E700652093 /* Algorithms in Frameworks */ = {isa = PBXBuildFile; productRef = 35FDCD5C2A8FE1E700652093 /* Algorithms */; };
		35FDCD5F2A908E2500652093 /* Product.swift in Sources */ = {isa = PBXBuildFile; fileRef = 35FDCD5E2A908E2500652093 /* Product.swift */; };
		35FDCD612A908F7300652093 /* Payment.swift in Sources */ = {isa = PBXBuildFile; fileRef = 35FDCD602A908F7300652093 /* Payment.swift */; };
		35FDCD632A9091CC00652093 /* Discount.swift in Sources */ = {isa = PBXBuildFile; fileRef = 35FDCD622A9091CC00652093 /* Discount.swift */; };
		35FDCD652A90936600652093 /* Order.swift in Sources */ = {isa = PBXBuildFile; fileRef = 35FDCD642A90936600652093 /* Order.swift */; };
		35FDCD692A909A9D00652093 /* OrderTests.swift in Sources */ = {isa = PBXBuildFile; fileRef = 35FDCD682A909A9D00652093 /* OrderTests.swift */; };
		EBD8AD002A8A3EE600FC20F1 /* OrderInputView.swift in Sources */ = {isa = PBXBuildFile; fileRef = EBD8ACFF2A8A3EE600FC20F1 /* OrderInputView.swift */; };
		EBD8AD022A8A3FF500FC20F1 /* HomeView.swift in Sources */ = {isa = PBXBuildFile; fileRef = EBD8AD012A8A3FF500FC20F1 /* HomeView.swift */; };
		EBDC35E52A8A6459005F0B9D /* CustomNavBarBodyTestView.swift in Sources */ = {isa = PBXBuildFile; fileRef = EBDC35E42A8A6459005F0B9D /* CustomNavBarBodyTestView.swift */; };
/* End PBXBuildFile section */

/* Begin PBXContainerItemProxy section */
		3557C7252A826A1300C72F17 /* PBXContainerItemProxy */ = {
			isa = PBXContainerItemProxy;
			containerPortal = 3557C70C2A826A1200C72F17 /* Project object */;
			proxyType = 1;
			remoteGlobalIDString = 3557C7132A826A1200C72F17;
			remoteInfo = "cafelogos-pos";
		};
		3557C72F2A826A1300C72F17 /* PBXContainerItemProxy */ = {
			isa = PBXContainerItemProxy;
			containerPortal = 3557C70C2A826A1200C72F17 /* Project object */;
			proxyType = 1;
			remoteGlobalIDString = 3557C7132A826A1200C72F17;
			remoteInfo = "cafelogos-pos";
		};
/* End PBXContainerItemProxy section */

/* Begin PBXFileReference section */
		3557C7142A826A1200C72F17 /* cafelogos-pos.app */ = {isa = PBXFileReference; explicitFileType = wrapper.application; includeInIndex = 0; path = "cafelogos-pos.app"; sourceTree = BUILT_PRODUCTS_DIR; };
		3557C7172A826A1200C72F17 /* cafelogos_posApp.swift */ = {isa = PBXFileReference; lastKnownFileType = sourcecode.swift; path = cafelogos_posApp.swift; sourceTree = "<group>"; };
		3557C7192A826A1200C72F17 /* ContentView.swift */ = {isa = PBXFileReference; lastKnownFileType = sourcecode.swift; path = ContentView.swift; sourceTree = "<group>"; };
		3557C71B2A826A1300C72F17 /* Assets.xcassets */ = {isa = PBXFileReference; lastKnownFileType = folder.assetcatalog; path = Assets.xcassets; sourceTree = "<group>"; };
		3557C71E2A826A1300C72F17 /* Preview Assets.xcassets */ = {isa = PBXFileReference; lastKnownFileType = folder.assetcatalog; path = "Preview Assets.xcassets"; sourceTree = "<group>"; };
		3557C7242A826A1300C72F17 /* cafelogos-posTests.xctest */ = {isa = PBXFileReference; explicitFileType = wrapper.cfbundle; includeInIndex = 0; path = "cafelogos-posTests.xctest"; sourceTree = BUILT_PRODUCTS_DIR; };
		3557C7282A826A1300C72F17 /* cafelogos_posTests.swift */ = {isa = PBXFileReference; lastKnownFileType = sourcecode.swift; path = cafelogos_posTests.swift; sourceTree = "<group>"; };
		3557C72E2A826A1300C72F17 /* cafelogos-posUITests.xctest */ = {isa = PBXFileReference; explicitFileType = wrapper.cfbundle; includeInIndex = 0; path = "cafelogos-posUITests.xctest"; sourceTree = BUILT_PRODUCTS_DIR; };
		3557C7322A826A1300C72F17 /* cafelogos_posUITests.swift */ = {isa = PBXFileReference; lastKnownFileType = sourcecode.swift; path = cafelogos_posUITests.swift; sourceTree = "<group>"; };
		3557C7342A826A1300C72F17 /* cafelogos_posUITestsLaunchTests.swift */ = {isa = PBXFileReference; lastKnownFileType = sourcecode.swift; path = cafelogos_posUITestsLaunchTests.swift; sourceTree = "<group>"; };
		EB38B4622A9510DE003BFFA6 /* NavBarBody.swift */ = {isa = PBXFileReference; lastKnownFileType = sourcecode.swift; path = NavBarBody.swift; sourceTree = "<group>"; };
		EB38B4682A951F73003BFFA6 /* HomeSubButton.swift */ = {isa = PBXFileReference; lastKnownFileType = sourcecode.swift; path = HomeSubButton.swift; sourceTree = "<group>"; };
		EB38B46A2A951F83003BFFA6 /* HomeMainButton.swift */ = {isa = PBXFileReference; lastKnownFileType = sourcecode.swift; path = HomeMainButton.swift; sourceTree = "<group>"; };
		3586BDD92A8F531F009E346E /* CoffeeProduct.swift */ = {isa = PBXFileReference; lastKnownFileType = sourcecode.swift; path = CoffeeProduct.swift; sourceTree = "<group>"; };
		3586BDDB2A8F716E009E346E /* CoffeeBean.swift */ = {isa = PBXFileReference; lastKnownFileType = sourcecode.swift; path = CoffeeBean.swift; sourceTree = "<group>"; };
		3586BDDD2A8F7494009E346E /* CoffeeHowToBrew.swift */ = {isa = PBXFileReference; lastKnownFileType = sourcecode.swift; path = CoffeeHowToBrew.swift; sourceTree = "<group>"; };
		3586BDDF2A8F76B1009E346E /* OtherProduct.swift */ = {isa = PBXFileReference; lastKnownFileType = sourcecode.swift; path = OtherProduct.swift; sourceTree = "<group>"; };
		3586BDE32A8F798E009E346E /* ProductCategory.swift */ = {isa = PBXFileReference; fileEncoding = 4; lastKnownFileType = sourcecode.swift; path = ProductCategory.swift; sourceTree = "<group>"; };
		3586BDE52A8F79C1009E346E /* Stock.swift */ = {isa = PBXFileReference; lastKnownFileType = sourcecode.swift; path = Stock.swift; sourceTree = "<group>"; };
		3586BDE72A8F7A9A009E346E /* Denomination.swift */ = {isa = PBXFileReference; lastKnownFileType = sourcecode.swift; path = Denomination.swift; sourceTree = "<group>"; };
		3586BDE92A8F7D43009E346E /* CartItem.swift */ = {isa = PBXFileReference; lastKnownFileType = sourcecode.swift; path = CartItem.swift; sourceTree = "<group>"; };
		3586BDEB2A8F7E24009E346E /* Cart.swift */ = {isa = PBXFileReference; lastKnownFileType = sourcecode.swift; path = Cart.swift; sourceTree = "<group>"; };
		3586BDED2A8F8090009E346E /* Denominations.swift */ = {isa = PBXFileReference; lastKnownFileType = sourcecode.swift; path = Denominations.swift; sourceTree = "<group>"; };
		3586BDF02A8F81B6009E346E /* DenominationsTests.swift */ = {isa = PBXFileReference; lastKnownFileType = sourcecode.swift; path = DenominationsTests.swift; sourceTree = "<group>"; };
		3586BDF22A8FA19C009E346E /* CartTests.swift */ = {isa = PBXFileReference; lastKnownFileType = sourcecode.swift; path = CartTests.swift; sourceTree = "<group>"; };
		3586BDF42A8FAD48009E346E /* LogosError.swift */ = {isa = PBXFileReference; lastKnownFileType = sourcecode.swift; path = LogosError.swift; sourceTree = "<group>"; };
		3586BDF62A8FC479009E346E /* .gitignore */ = {isa = PBXFileReference; lastKnownFileType = text; path = .gitignore; sourceTree = "<group>"; };
		35FDCD5E2A908E2500652093 /* Product.swift */ = {isa = PBXFileReference; lastKnownFileType = sourcecode.swift; path = Product.swift; sourceTree = "<group>"; };
		35FDCD602A908F7300652093 /* Payment.swift */ = {isa = PBXFileReference; lastKnownFileType = sourcecode.swift; path = Payment.swift; sourceTree = "<group>"; };
		35FDCD622A9091CC00652093 /* Discount.swift */ = {isa = PBXFileReference; lastKnownFileType = sourcecode.swift; path = Discount.swift; sourceTree = "<group>"; };
		35FDCD642A90936600652093 /* Order.swift */ = {isa = PBXFileReference; lastKnownFileType = sourcecode.swift; path = Order.swift; sourceTree = "<group>"; };
		35FDCD682A909A9D00652093 /* OrderTests.swift */ = {isa = PBXFileReference; lastKnownFileType = sourcecode.swift; path = OrderTests.swift; sourceTree = "<group>"; };
		EBD8ACFF2A8A3EE600FC20F1 /* OrderInputView.swift */ = {isa = PBXFileReference; lastKnownFileType = sourcecode.swift; path = OrderInputView.swift; sourceTree = "<group>"; };
		EBD8AD012A8A3FF500FC20F1 /* HomeView.swift */ = {isa = PBXFileReference; lastKnownFileType = sourcecode.swift; path = HomeView.swift; sourceTree = "<group>"; };
		EBDC35E42A8A6459005F0B9D /* CustomNavBarBodyTestView.swift */ = {isa = PBXFileReference; lastKnownFileType = sourcecode.swift; path = CustomNavBarBodyTestView.swift; sourceTree = "<group>"; };
/* End PBXFileReference section */

/* Begin PBXFrameworksBuildPhase section */
		3557C7112A826A1200C72F17 /* Frameworks */ = {
			isa = PBXFrameworksBuildPhase;
			buildActionMask = 2147483647;
			files = (
				35FDCD5D2A8FE1E700652093 /* Algorithms in Frameworks */,
			);
			runOnlyForDeploymentPostprocessing = 0;
		};
		3557C7212A826A1300C72F17 /* Frameworks */ = {
			isa = PBXFrameworksBuildPhase;
			buildActionMask = 2147483647;
			files = (
			);
			runOnlyForDeploymentPostprocessing = 0;
		};
		3557C72B2A826A1300C72F17 /* Frameworks */ = {
			isa = PBXFrameworksBuildPhase;
			buildActionMask = 2147483647;
			files = (
			);
			runOnlyForDeploymentPostprocessing = 0;
		};
/* End PBXFrameworksBuildPhase section */

/* Begin PBXGroup section */
		3557C70B2A826A1200C72F17 = {
			isa = PBXGroup;
			children = (
				3586BDF62A8FC479009E346E /* .gitignore */,
				3557C7162A826A1200C72F17 /* cafelogos-pos */,
				3557C7272A826A1300C72F17 /* cafelogos-posTests */,
				3557C7312A826A1300C72F17 /* cafelogos-posUITests */,
				3557C7152A826A1200C72F17 /* Products */,
			);
			sourceTree = "<group>";
		};
		3557C7152A826A1200C72F17 /* Products */ = {
			isa = PBXGroup;
			children = (
				3557C7142A826A1200C72F17 /* cafelogos-pos.app */,
				3557C7242A826A1300C72F17 /* cafelogos-posTests.xctest */,
				3557C72E2A826A1300C72F17 /* cafelogos-posUITests.xctest */,
			);
			name = Products;
			sourceTree = "<group>";
		};
		3557C7162A826A1200C72F17 /* cafelogos-pos */ = {
			isa = PBXGroup;
			children = (
				3586BDD82A8F504D009E346E /* UseCase */,
				3586BDD72A8F5039009E346E /* Infra */,
				3586BDD62A8F502E009E346E /* Domain */,
				EBD8ACF92A8A23D000FC20F1 /* Presentation */,
				3557C7172A826A1200C72F17 /* cafelogos_posApp.swift */,
				3557C7192A826A1200C72F17 /* ContentView.swift */,
				3557C71B2A826A1300C72F17 /* Assets.xcassets */,
				3557C71D2A826A1300C72F17 /* Preview Content */,
			);
			path = "cafelogos-pos";
			sourceTree = "<group>";
		};
		3557C71D2A826A1300C72F17 /* Preview Content */ = {
			isa = PBXGroup;
			children = (
				3557C71E2A826A1300C72F17 /* Preview Assets.xcassets */,
			);
			path = "Preview Content";
			sourceTree = "<group>";
		};
		3557C7272A826A1300C72F17 /* cafelogos-posTests */ = {
			isa = PBXGroup;
			children = (
				3586BDEF2A8F8192009E346E /* Domain */,
				3557C7282A826A1300C72F17 /* cafelogos_posTests.swift */,
			);
			path = "cafelogos-posTests";
			sourceTree = "<group>";
		};
		3557C7312A826A1300C72F17 /* cafelogos-posUITests */ = {
			isa = PBXGroup;
			children = (
				3557C7322A826A1300C72F17 /* cafelogos_posUITests.swift */,
				3557C7342A826A1300C72F17 /* cafelogos_posUITestsLaunchTests.swift */,
			);
			path = "cafelogos-posUITests";
			sourceTree = "<group>";
		};
		EB38B4652A951E87003BFFA6 /* Components */ = {
			isa = PBXGroup;
			children = (
				EB38B4682A951F73003BFFA6 /* HomeSubButton.swift */,
				EB38B46A2A951F83003BFFA6 /* HomeMainButton.swift */,
			);
			path = Components;
			sourceTree = "<group>";
		};
		3586BDD62A8F502E009E346E /* Domain */ = {
			isa = PBXGroup;
			children = (
				3586BDE32A8F798E009E346E /* ProductCategory.swift */,
				3586BDD92A8F531F009E346E /* CoffeeProduct.swift */,
				3586BDDB2A8F716E009E346E /* CoffeeBean.swift */,
				3586BDDD2A8F7494009E346E /* CoffeeHowToBrew.swift */,
				3586BDDF2A8F76B1009E346E /* OtherProduct.swift */,
				3586BDE52A8F79C1009E346E /* Stock.swift */,
				3586BDE72A8F7A9A009E346E /* Denomination.swift */,
				3586BDE92A8F7D43009E346E /* CartItem.swift */,
				3586BDEB2A8F7E24009E346E /* Cart.swift */,
				3586BDED2A8F8090009E346E /* Denominations.swift */,
				3586BDF42A8FAD48009E346E /* LogosError.swift */,
				35FDCD5E2A908E2500652093 /* Product.swift */,
				35FDCD602A908F7300652093 /* Payment.swift */,
				35FDCD622A9091CC00652093 /* Discount.swift */,
				35FDCD642A90936600652093 /* Order.swift */,
			);
			path = Domain;
			sourceTree = "<group>";
		};
		3586BDD72A8F5039009E346E /* Infra */ = {
			isa = PBXGroup;
			children = (
			);
			path = Infra;
			sourceTree = "<group>";
		};
		3586BDD82A8F504D009E346E /* UseCase */ = {
			isa = PBXGroup;
			children = (
			);
			path = UseCase;
			sourceTree = "<group>";
		};
		EBD8ACF92A8A23D000FC20F1 /* Presentation */ = {
			isa = PBXGroup;
			children = (
				EBDC35E12A8A4459005F0B9D /* Components */,
				EBD8ACFC2A8A3E8A00FC20F1 /* HomeView */,
				EBD8ACFE2A8A3EBA00FC20F1 /* OrderInputView */,
				EBDC35E42A8A6459005F0B9D /* CustomNavBarBodyTestView.swift */,
			);
			path = Presentation;
			sourceTree = "<group>";
		};
		EBD8ACFC2A8A3E8A00FC20F1 /* HomeView */ = {
			isa = PBXGroup;
			children = (
				EB38B4652A951E87003BFFA6 /* Components */,
				EBD8AD012A8A3FF500FC20F1 /* HomeView.swift */,
			);
			path = HomeView;
			sourceTree = "<group>";
		};
		EBD8ACFE2A8A3EBA00FC20F1 /* OrderInputView */ = {
			isa = PBXGroup;
			children = (
				EBD8ACFF2A8A3EE600FC20F1 /* OrderInputView.swift */,
			);
			path = OrderInputView;
			sourceTree = "<group>";
		};
		EBDC35E12A8A4459005F0B9D /* Components */ = {
			isa = PBXGroup;
			children = (
				EB38B4622A9510DE003BFFA6 /* NavBarBody.swift */,
			);
			path = Components;
			sourceTree = "<group>";
		};
/* End PBXGroup section */

/* Begin PBXNativeTarget section */
		3557C7132A826A1200C72F17 /* cafelogos-pos */ = {
			isa = PBXNativeTarget;
			buildConfigurationList = 3557C7382A826A1300C72F17 /* Build configuration list for PBXNativeTarget "cafelogos-pos" */;
			buildPhases = (
				3557C7102A826A1200C72F17 /* Sources */,
				3557C7112A826A1200C72F17 /* Frameworks */,
				3557C7122A826A1200C72F17 /* Resources */,
			);
			buildRules = (
			);
			dependencies = (
			);
			name = "cafelogos-pos";
			packageProductDependencies = (
				35FDCD5C2A8FE1E700652093 /* Algorithms */,
			);
			productName = "cafelogos-pos";
			productReference = 3557C7142A826A1200C72F17 /* cafelogos-pos.app */;
			productType = "com.apple.product-type.application";
		};
		3557C7232A826A1300C72F17 /* cafelogos-posTests */ = {
			isa = PBXNativeTarget;
			buildConfigurationList = 3557C73B2A826A1300C72F17 /* Build configuration list for PBXNativeTarget "cafelogos-posTests" */;
			buildPhases = (
				3557C7202A826A1300C72F17 /* Sources */,
				3557C7212A826A1300C72F17 /* Frameworks */,
				3557C7222A826A1300C72F17 /* Resources */,
			);
			buildRules = (
			);
			dependencies = (
				3557C7262A826A1300C72F17 /* PBXTargetDependency */,
			);
			name = "cafelogos-posTests";
			productName = "cafelogos-posTests";
			productReference = 3557C7242A826A1300C72F17 /* cafelogos-posTests.xctest */;
			productType = "com.apple.product-type.bundle.unit-test";
		};
		3557C72D2A826A1300C72F17 /* cafelogos-posUITests */ = {
			isa = PBXNativeTarget;
			buildConfigurationList = 3557C73E2A826A1300C72F17 /* Build configuration list for PBXNativeTarget "cafelogos-posUITests" */;
			buildPhases = (
				3557C72A2A826A1300C72F17 /* Sources */,
				3557C72B2A826A1300C72F17 /* Frameworks */,
				3557C72C2A826A1300C72F17 /* Resources */,
			);
			buildRules = (
			);
			dependencies = (
				3557C7302A826A1300C72F17 /* PBXTargetDependency */,
			);
			name = "cafelogos-posUITests";
			productName = "cafelogos-posUITests";
			productReference = 3557C72E2A826A1300C72F17 /* cafelogos-posUITests.xctest */;
			productType = "com.apple.product-type.bundle.ui-testing";
		};
/* End PBXNativeTarget section */

/* Begin PBXProject section */
		3557C70C2A826A1200C72F17 /* Project object */ = {
			isa = PBXProject;
			attributes = {
				BuildIndependentTargetsInParallel = 1;
				LastSwiftUpdateCheck = 1430;
				LastUpgradeCheck = 1430;
				TargetAttributes = {
					3557C7132A826A1200C72F17 = {
						CreatedOnToolsVersion = 14.3.1;
					};
					3557C7232A826A1300C72F17 = {
						CreatedOnToolsVersion = 14.3.1;
						TestTargetID = 3557C7132A826A1200C72F17;
					};
					3557C72D2A826A1300C72F17 = {
						CreatedOnToolsVersion = 14.3.1;
						TestTargetID = 3557C7132A826A1200C72F17;
					};
				};
			};
			buildConfigurationList = 3557C70F2A826A1200C72F17 /* Build configuration list for PBXProject "cafelogos-pos" */;
			compatibilityVersion = "Xcode 14.0";
			developmentRegion = en;
			hasScannedForEncodings = 0;
			knownRegions = (
				en,
				Base,
			);
			mainGroup = 3557C70B2A826A1200C72F17;
			packageReferences = (
				35FDCD5B2A8FE1E700652093 /* XCRemoteSwiftPackageReference "swift-algorithms" */,
			);
			productRefGroup = 3557C7152A826A1200C72F17 /* Products */;
			projectDirPath = "";
			projectRoot = "";
			targets = (
				3557C7132A826A1200C72F17 /* cafelogos-pos */,
				3557C7232A826A1300C72F17 /* cafelogos-posTests */,
				3557C72D2A826A1300C72F17 /* cafelogos-posUITests */,
			);
		};
/* End PBXProject section */

/* Begin PBXResourcesBuildPhase section */
		3557C7122A826A1200C72F17 /* Resources */ = {
			isa = PBXResourcesBuildPhase;
			buildActionMask = 2147483647;
			files = (
				3557C71F2A826A1300C72F17 /* Preview Assets.xcassets in Resources */,
				3586BDF72A8FC479009E346E /* .gitignore in Resources */,
				3557C71C2A826A1300C72F17 /* Assets.xcassets in Resources */,
			);
			runOnlyForDeploymentPostprocessing = 0;
		};
		3557C7222A826A1300C72F17 /* Resources */ = {
			isa = PBXResourcesBuildPhase;
			buildActionMask = 2147483647;
			files = (
			);
			runOnlyForDeploymentPostprocessing = 0;
		};
		3557C72C2A826A1300C72F17 /* Resources */ = {
			isa = PBXResourcesBuildPhase;
			buildActionMask = 2147483647;
			files = (
			);
			runOnlyForDeploymentPostprocessing = 0;
		};
/* End PBXResourcesBuildPhase section */

/* Begin PBXSourcesBuildPhase section */
		3557C7102A826A1200C72F17 /* Sources */ = {
			isa = PBXSourcesBuildPhase;
			buildActionMask = 2147483647;
			files = (
				3586BDE02A8F76B1009E346E /* OtherProduct.swift in Sources */,
				35FDCD612A908F7300652093 /* Payment.swift in Sources */,
				35FDCD632A9091CC00652093 /* Discount.swift in Sources */,
				35FDCD652A90936600652093 /* Order.swift in Sources */,
				3557C71A2A826A1200C72F17 /* ContentView.swift in Sources */,
				EB38B46B2A951F83003BFFA6 /* HomeMainButton.swift in Sources */,
				EBDC35E52A8A6459005F0B9D /* CustomNavBarBodyTestView.swift in Sources */,
				EBD8AD022A8A3FF500FC20F1 /* HomeView.swift in Sources */,
				EB38B4632A9510DE003BFFA6 /* NavBarBody.swift in Sources */,
				EB38B4692A951F73003BFFA6 /* HomeSubButton.swift in Sources */,
				3586BDDE2A8F7494009E346E /* CoffeeHowToBrew.swift in Sources */,
				3586BDEC2A8F7E24009E346E /* Cart.swift in Sources */,
				3586BDEE2A8F8090009E346E /* Denominations.swift in Sources */,
				EBD8AD022A8A3FF500FC20F1 /* HomeView.swift in Sources */,
				3586BDE42A8F798E009E346E /* ProductCategory.swift in Sources */,
				3586BDDA2A8F531F009E346E /* CoffeeProduct.swift in Sources */,
				3586BDDC2A8F716E009E346E /* CoffeeBean.swift in Sources */,
				35FDCD5F2A908E2500652093 /* Product.swift in Sources */,
				3586BDEA2A8F7D43009E346E /* CartItem.swift in Sources */,
				3586BDE82A8F7A9A009E346E /* Denomination.swift in Sources */,
				EBD8AD002A8A3EE600FC20F1 /* OrderInputView.swift in Sources */,
				3586BDE62A8F79C1009E346E /* Stock.swift in Sources */,
				3586BDF52A8FAD48009E346E /* LogosError.swift in Sources */,
				3557C7182A826A1200C72F17 /* cafelogos_posApp.swift in Sources */,
			);
			runOnlyForDeploymentPostprocessing = 0;
		};
		3557C7202A826A1300C72F17 /* Sources */ = {
			isa = PBXSourcesBuildPhase;
			buildActionMask = 2147483647;
			files = (
				3586BDF12A8F81B6009E346E /* DenominationsTests.swift in Sources */,
				3557C7292A826A1300C72F17 /* cafelogos_posTests.swift in Sources */,
				35FDCD692A909A9D00652093 /* OrderTests.swift in Sources */,
				3586BDF32A8FA19C009E346E /* CartTests.swift in Sources */,
			);
			runOnlyForDeploymentPostprocessing = 0;
		};
		3557C72A2A826A1300C72F17 /* Sources */ = {
			isa = PBXSourcesBuildPhase;
			buildActionMask = 2147483647;
			files = (
				3557C7332A826A1300C72F17 /* cafelogos_posUITests.swift in Sources */,
				3557C7352A826A1300C72F17 /* cafelogos_posUITestsLaunchTests.swift in Sources */,
			);
			runOnlyForDeploymentPostprocessing = 0;
		};
/* End PBXSourcesBuildPhase section */

/* Begin PBXTargetDependency section */
		3557C7262A826A1300C72F17 /* PBXTargetDependency */ = {
			isa = PBXTargetDependency;
			target = 3557C7132A826A1200C72F17 /* cafelogos-pos */;
			targetProxy = 3557C7252A826A1300C72F17 /* PBXContainerItemProxy */;
		};
		3557C7302A826A1300C72F17 /* PBXTargetDependency */ = {
			isa = PBXTargetDependency;
			target = 3557C7132A826A1200C72F17 /* cafelogos-pos */;
			targetProxy = 3557C72F2A826A1300C72F17 /* PBXContainerItemProxy */;
		};
/* End PBXTargetDependency section */

/* Begin XCBuildConfiguration section */
		3557C7362A826A1300C72F17 /* Debug */ = {
			isa = XCBuildConfiguration;
			buildSettings = {
				ALWAYS_SEARCH_USER_PATHS = NO;
				CLANG_ANALYZER_NONNULL = YES;
				CLANG_ANALYZER_NUMBER_OBJECT_CONVERSION = YES_AGGRESSIVE;
				CLANG_CXX_LANGUAGE_STANDARD = "gnu++20";
				CLANG_ENABLE_MODULES = YES;
				CLANG_ENABLE_OBJC_ARC = YES;
				CLANG_ENABLE_OBJC_WEAK = YES;
				CLANG_WARN_BLOCK_CAPTURE_AUTORELEASING = YES;
				CLANG_WARN_BOOL_CONVERSION = YES;
				CLANG_WARN_COMMA = YES;
				CLANG_WARN_CONSTANT_CONVERSION = YES;
				CLANG_WARN_DEPRECATED_OBJC_IMPLEMENTATIONS = YES;
				CLANG_WARN_DIRECT_OBJC_ISA_USAGE = YES_ERROR;
				CLANG_WARN_DOCUMENTATION_COMMENTS = YES;
				CLANG_WARN_EMPTY_BODY = YES;
				CLANG_WARN_ENUM_CONVERSION = YES;
				CLANG_WARN_INFINITE_RECURSION = YES;
				CLANG_WARN_INT_CONVERSION = YES;
				CLANG_WARN_NON_LITERAL_NULL_CONVERSION = YES;
				CLANG_WARN_OBJC_IMPLICIT_RETAIN_SELF = YES;
				CLANG_WARN_OBJC_LITERAL_CONVERSION = YES;
				CLANG_WARN_OBJC_ROOT_CLASS = YES_ERROR;
				CLANG_WARN_QUOTED_INCLUDE_IN_FRAMEWORK_HEADER = YES;
				CLANG_WARN_RANGE_LOOP_ANALYSIS = YES;
				CLANG_WARN_STRICT_PROTOTYPES = YES;
				CLANG_WARN_SUSPICIOUS_MOVE = YES;
				CLANG_WARN_UNGUARDED_AVAILABILITY = YES_AGGRESSIVE;
				CLANG_WARN_UNREACHABLE_CODE = YES;
				CLANG_WARN__DUPLICATE_METHOD_MATCH = YES;
				COPY_PHASE_STRIP = NO;
				DEBUG_INFORMATION_FORMAT = dwarf;
				ENABLE_STRICT_OBJC_MSGSEND = YES;
				ENABLE_TESTABILITY = YES;
				GCC_C_LANGUAGE_STANDARD = gnu11;
				GCC_DYNAMIC_NO_PIC = NO;
				GCC_NO_COMMON_BLOCKS = YES;
				GCC_OPTIMIZATION_LEVEL = 0;
				GCC_PREPROCESSOR_DEFINITIONS = (
					"DEBUG=1",
					"$(inherited)",
				);
				GCC_WARN_64_TO_32_BIT_CONVERSION = YES;
				GCC_WARN_ABOUT_RETURN_TYPE = YES_ERROR;
				GCC_WARN_UNDECLARED_SELECTOR = YES;
				GCC_WARN_UNINITIALIZED_AUTOS = YES_AGGRESSIVE;
				GCC_WARN_UNUSED_FUNCTION = YES;
				GCC_WARN_UNUSED_VARIABLE = YES;
				IPHONEOS_DEPLOYMENT_TARGET = 16.4;
				MTL_ENABLE_DEBUG_INFO = INCLUDE_SOURCE;
				MTL_FAST_MATH = YES;
				ONLY_ACTIVE_ARCH = YES;
				SDKROOT = iphoneos;
				SWIFT_ACTIVE_COMPILATION_CONDITIONS = DEBUG;
				SWIFT_OPTIMIZATION_LEVEL = "-Onone";
			};
			name = Debug;
		};
		3557C7372A826A1300C72F17 /* Release */ = {
			isa = XCBuildConfiguration;
			buildSettings = {
				ALWAYS_SEARCH_USER_PATHS = NO;
				CLANG_ANALYZER_NONNULL = YES;
				CLANG_ANALYZER_NUMBER_OBJECT_CONVERSION = YES_AGGRESSIVE;
				CLANG_CXX_LANGUAGE_STANDARD = "gnu++20";
				CLANG_ENABLE_MODULES = YES;
				CLANG_ENABLE_OBJC_ARC = YES;
				CLANG_ENABLE_OBJC_WEAK = YES;
				CLANG_WARN_BLOCK_CAPTURE_AUTORELEASING = YES;
				CLANG_WARN_BOOL_CONVERSION = YES;
				CLANG_WARN_COMMA = YES;
				CLANG_WARN_CONSTANT_CONVERSION = YES;
				CLANG_WARN_DEPRECATED_OBJC_IMPLEMENTATIONS = YES;
				CLANG_WARN_DIRECT_OBJC_ISA_USAGE = YES_ERROR;
				CLANG_WARN_DOCUMENTATION_COMMENTS = YES;
				CLANG_WARN_EMPTY_BODY = YES;
				CLANG_WARN_ENUM_CONVERSION = YES;
				CLANG_WARN_INFINITE_RECURSION = YES;
				CLANG_WARN_INT_CONVERSION = YES;
				CLANG_WARN_NON_LITERAL_NULL_CONVERSION = YES;
				CLANG_WARN_OBJC_IMPLICIT_RETAIN_SELF = YES;
				CLANG_WARN_OBJC_LITERAL_CONVERSION = YES;
				CLANG_WARN_OBJC_ROOT_CLASS = YES_ERROR;
				CLANG_WARN_QUOTED_INCLUDE_IN_FRAMEWORK_HEADER = YES;
				CLANG_WARN_RANGE_LOOP_ANALYSIS = YES;
				CLANG_WARN_STRICT_PROTOTYPES = YES;
				CLANG_WARN_SUSPICIOUS_MOVE = YES;
				CLANG_WARN_UNGUARDED_AVAILABILITY = YES_AGGRESSIVE;
				CLANG_WARN_UNREACHABLE_CODE = YES;
				CLANG_WARN__DUPLICATE_METHOD_MATCH = YES;
				COPY_PHASE_STRIP = NO;
				DEBUG_INFORMATION_FORMAT = "dwarf-with-dsym";
				ENABLE_NS_ASSERTIONS = NO;
				ENABLE_STRICT_OBJC_MSGSEND = YES;
				GCC_C_LANGUAGE_STANDARD = gnu11;
				GCC_NO_COMMON_BLOCKS = YES;
				GCC_WARN_64_TO_32_BIT_CONVERSION = YES;
				GCC_WARN_ABOUT_RETURN_TYPE = YES_ERROR;
				GCC_WARN_UNDECLARED_SELECTOR = YES;
				GCC_WARN_UNINITIALIZED_AUTOS = YES_AGGRESSIVE;
				GCC_WARN_UNUSED_FUNCTION = YES;
				GCC_WARN_UNUSED_VARIABLE = YES;
				IPHONEOS_DEPLOYMENT_TARGET = 16.4;
				MTL_ENABLE_DEBUG_INFO = NO;
				MTL_FAST_MATH = YES;
				SDKROOT = iphoneos;
				SWIFT_COMPILATION_MODE = wholemodule;
				SWIFT_OPTIMIZATION_LEVEL = "-O";
				VALIDATE_PRODUCT = YES;
			};
			name = Release;
		};
		3557C7392A826A1300C72F17 /* Debug */ = {
			isa = XCBuildConfiguration;
			buildSettings = {
				ASSETCATALOG_COMPILER_APPICON_NAME = AppIcon;
				ASSETCATALOG_COMPILER_GLOBAL_ACCENT_COLOR_NAME = AccentColor;
				CODE_SIGN_STYLE = Automatic;
				CURRENT_PROJECT_VERSION = 1;
				DEVELOPMENT_ASSET_PATHS = "\"cafelogos-pos/Preview Content\"";
				DEVELOPMENT_TEAM = 3266YSU44G;
				ENABLE_PREVIEWS = YES;
				GENERATE_INFOPLIST_FILE = YES;
				INFOPLIST_KEY_UIApplicationSceneManifest_Generation = YES;
				INFOPLIST_KEY_UIApplicationSupportsIndirectInputEvents = YES;
				INFOPLIST_KEY_UILaunchScreen_Generation = YES;
				INFOPLIST_KEY_UISupportedInterfaceOrientations = "UIInterfaceOrientationLandscapeLeft UIInterfaceOrientationLandscapeRight";
				LD_RUNPATH_SEARCH_PATHS = (
					"$(inherited)",
					"@executable_path/Frameworks",
				);
				MARKETING_VERSION = 1.0;
				PRODUCT_BUNDLE_IDENTIFIER = "cloud.kagura.cafelogos-pos";
				PRODUCT_NAME = "$(TARGET_NAME)";
				SUPPORTED_PLATFORMS = "iphoneos iphonesimulator";
				SUPPORTS_MACCATALYST = NO;
				SUPPORTS_MAC_DESIGNED_FOR_IPHONE_IPAD = YES;
				SWIFT_EMIT_LOC_STRINGS = YES;
				SWIFT_VERSION = 5.0;
				TARGETED_DEVICE_FAMILY = 2;
			};
			name = Debug;
		};
		3557C73A2A826A1300C72F17 /* Release */ = {
			isa = XCBuildConfiguration;
			buildSettings = {
				ASSETCATALOG_COMPILER_APPICON_NAME = AppIcon;
				ASSETCATALOG_COMPILER_GLOBAL_ACCENT_COLOR_NAME = AccentColor;
				CODE_SIGN_STYLE = Automatic;
				CURRENT_PROJECT_VERSION = 1;
				DEVELOPMENT_ASSET_PATHS = "\"cafelogos-pos/Preview Content\"";
				DEVELOPMENT_TEAM = 3266YSU44G;
				ENABLE_PREVIEWS = YES;
				GENERATE_INFOPLIST_FILE = YES;
				INFOPLIST_KEY_UIApplicationSceneManifest_Generation = YES;
				INFOPLIST_KEY_UIApplicationSupportsIndirectInputEvents = YES;
				INFOPLIST_KEY_UILaunchScreen_Generation = YES;
				INFOPLIST_KEY_UISupportedInterfaceOrientations = "UIInterfaceOrientationLandscapeLeft UIInterfaceOrientationLandscapeRight";
				LD_RUNPATH_SEARCH_PATHS = (
					"$(inherited)",
					"@executable_path/Frameworks",
				);
				MARKETING_VERSION = 1.0;
				PRODUCT_BUNDLE_IDENTIFIER = "cloud.kagura.cafelogos-pos";
				PRODUCT_NAME = "$(TARGET_NAME)";
				SUPPORTED_PLATFORMS = "iphoneos iphonesimulator";
				SUPPORTS_MACCATALYST = NO;
				SUPPORTS_MAC_DESIGNED_FOR_IPHONE_IPAD = YES;
				SWIFT_EMIT_LOC_STRINGS = YES;
				SWIFT_VERSION = 5.0;
				TARGETED_DEVICE_FAMILY = 2;
			};
			name = Release;
		};
		3557C73C2A826A1300C72F17 /* Debug */ = {
			isa = XCBuildConfiguration;
			buildSettings = {
				ALWAYS_EMBED_SWIFT_STANDARD_LIBRARIES = YES;
				BUNDLE_LOADER = "$(TEST_HOST)";
				CODE_SIGN_STYLE = Automatic;
				CURRENT_PROJECT_VERSION = 1;
				DEVELOPMENT_TEAM = 3266YSU44G;
				GENERATE_INFOPLIST_FILE = YES;
				IPHONEOS_DEPLOYMENT_TARGET = 16.4;
				MARKETING_VERSION = 1.0;
				PRODUCT_BUNDLE_IDENTIFIER = "cloud.kagura.cafelogos-posTests";
				PRODUCT_NAME = "$(TARGET_NAME)";
				SWIFT_EMIT_LOC_STRINGS = NO;
				SWIFT_VERSION = 5.0;
				TARGETED_DEVICE_FAMILY = "1,2";
				TEST_HOST = "$(BUILT_PRODUCTS_DIR)/cafelogos-pos.app/$(BUNDLE_EXECUTABLE_FOLDER_PATH)/cafelogos-pos";
			};
			name = Debug;
		};
		3557C73D2A826A1300C72F17 /* Release */ = {
			isa = XCBuildConfiguration;
			buildSettings = {
				ALWAYS_EMBED_SWIFT_STANDARD_LIBRARIES = YES;
				BUNDLE_LOADER = "$(TEST_HOST)";
				CODE_SIGN_STYLE = Automatic;
				CURRENT_PROJECT_VERSION = 1;
				DEVELOPMENT_TEAM = 3266YSU44G;
				GENERATE_INFOPLIST_FILE = YES;
				IPHONEOS_DEPLOYMENT_TARGET = 16.4;
				MARKETING_VERSION = 1.0;
				PRODUCT_BUNDLE_IDENTIFIER = "cloud.kagura.cafelogos-posTests";
				PRODUCT_NAME = "$(TARGET_NAME)";
				SWIFT_EMIT_LOC_STRINGS = NO;
				SWIFT_VERSION = 5.0;
				TARGETED_DEVICE_FAMILY = "1,2";
				TEST_HOST = "$(BUILT_PRODUCTS_DIR)/cafelogos-pos.app/$(BUNDLE_EXECUTABLE_FOLDER_PATH)/cafelogos-pos";
			};
			name = Release;
		};
		3557C73F2A826A1300C72F17 /* Debug */ = {
			isa = XCBuildConfiguration;
			buildSettings = {
				ALWAYS_EMBED_SWIFT_STANDARD_LIBRARIES = YES;
				CODE_SIGN_STYLE = Automatic;
				CURRENT_PROJECT_VERSION = 1;
				DEVELOPMENT_TEAM = 3266YSU44G;
				GENERATE_INFOPLIST_FILE = YES;
				MARKETING_VERSION = 1.0;
				PRODUCT_BUNDLE_IDENTIFIER = "cloud.kagura.cafelogos-posUITests";
				PRODUCT_NAME = "$(TARGET_NAME)";
				SWIFT_EMIT_LOC_STRINGS = NO;
				SWIFT_VERSION = 5.0;
				TARGETED_DEVICE_FAMILY = "1,2";
				TEST_TARGET_NAME = "cafelogos-pos";
			};
			name = Debug;
		};
		3557C7402A826A1300C72F17 /* Release */ = {
			isa = XCBuildConfiguration;
			buildSettings = {
				ALWAYS_EMBED_SWIFT_STANDARD_LIBRARIES = YES;
				CODE_SIGN_STYLE = Automatic;
				CURRENT_PROJECT_VERSION = 1;
				DEVELOPMENT_TEAM = 3266YSU44G;
				GENERATE_INFOPLIST_FILE = YES;
				MARKETING_VERSION = 1.0;
				PRODUCT_BUNDLE_IDENTIFIER = "cloud.kagura.cafelogos-posUITests";
				PRODUCT_NAME = "$(TARGET_NAME)";
				SWIFT_EMIT_LOC_STRINGS = NO;
				SWIFT_VERSION = 5.0;
				TARGETED_DEVICE_FAMILY = "1,2";
				TEST_TARGET_NAME = "cafelogos-pos";
			};
			name = Release;
		};
/* End XCBuildConfiguration section */

/* Begin XCConfigurationList section */
		3557C70F2A826A1200C72F17 /* Build configuration list for PBXProject "cafelogos-pos" */ = {
			isa = XCConfigurationList;
			buildConfigurations = (
				3557C7362A826A1300C72F17 /* Debug */,
				3557C7372A826A1300C72F17 /* Release */,
			);
			defaultConfigurationIsVisible = 0;
			defaultConfigurationName = Release;
		};
		3557C7382A826A1300C72F17 /* Build configuration list for PBXNativeTarget "cafelogos-pos" */ = {
			isa = XCConfigurationList;
			buildConfigurations = (
				3557C7392A826A1300C72F17 /* Debug */,
				3557C73A2A826A1300C72F17 /* Release */,
			);
			defaultConfigurationIsVisible = 0;
			defaultConfigurationName = Release;
		};
		3557C73B2A826A1300C72F17 /* Build configuration list for PBXNativeTarget "cafelogos-posTests" */ = {
			isa = XCConfigurationList;
			buildConfigurations = (
				3557C73C2A826A1300C72F17 /* Debug */,
				3557C73D2A826A1300C72F17 /* Release */,
			);
			defaultConfigurationIsVisible = 0;
			defaultConfigurationName = Release;
		};
		3557C73E2A826A1300C72F17 /* Build configuration list for PBXNativeTarget "cafelogos-posUITests" */ = {
			isa = XCConfigurationList;
			buildConfigurations = (
				3557C73F2A826A1300C72F17 /* Debug */,
				3557C7402A826A1300C72F17 /* Release */,
			);
			defaultConfigurationIsVisible = 0;
			defaultConfigurationName = Release;
		};
/* End XCConfigurationList section */

/* Begin XCRemoteSwiftPackageReference section */
		35FDCD5B2A8FE1E700652093 /* XCRemoteSwiftPackageReference "swift-algorithms" */ = {
			isa = XCRemoteSwiftPackageReference;
			repositoryURL = "https://github.com/apple/swift-algorithms.git";
			requirement = {
				kind = upToNextMajorVersion;
				minimumVersion = 1.0.0;
			};
		};
/* End XCRemoteSwiftPackageReference section */

/* Begin XCSwiftPackageProductDependency section */
		35FDCD5C2A8FE1E700652093 /* Algorithms */ = {
			isa = XCSwiftPackageProductDependency;
			package = 35FDCD5B2A8FE1E700652093 /* XCRemoteSwiftPackageReference "swift-algorithms" */;
			productName = Algorithms;
		};
/* End XCSwiftPackageProductDependency section */
	};
	rootObject = 3557C70C2A826A1200C72F17 /* Project object */;
}
