// !$*UTF8*$!
{
	archiveVersion = 1;
	classes = {
	};
	objectVersion = 56;
	objects = {

/* Begin PBXBuildFile section */
		351C18BB2A9542D6005A966C /* CartTests.swift in Sources */ = {isa = PBXBuildFile; fileRef = 351C18B82A9542D6005A966C /* CartTests.swift */; };
		351C18BC2A9542D6005A966C /* OrderTests.swift in Sources */ = {isa = PBXBuildFile; fileRef = 351C18B92A9542D6005A966C /* OrderTests.swift */; };
		351C18BD2A9542D6005A966C /* DenominationsTests.swift in Sources */ = {isa = PBXBuildFile; fileRef = 351C18BA2A9542D6005A966C /* DenominationsTests.swift */; };
		351C18C42A9542E3005A966C /* ProductQueryServiceMock.swift in Sources */ = {isa = PBXBuildFile; fileRef = 351C18C02A9542E3005A966C /* ProductQueryServiceMock.swift */; };
		351C18C52A9542E3005A966C /* DiscountRepositoryMock.swift in Sources */ = {isa = PBXBuildFile; fileRef = 351C18C22A9542E3005A966C /* DiscountRepositoryMock.swift */; };
		351C18D02A9542F2005A966C /* OrderDto.swift in Sources */ = {isa = PBXBuildFile; fileRef = 351C18C82A9542F2005A966C /* OrderDto.swift */; };
		351C18D32A9542F2005A966C /* ProductQueryService.swift in Sources */ = {isa = PBXBuildFile; fileRef = 351C18CC2A9542F2005A966C /* ProductQueryService.swift */; };
		351C18D42A9542F2005A966C /* ProductDto.swift in Sources */ = {isa = PBXBuildFile; fileRef = 351C18CD2A9542F2005A966C /* ProductDto.swift */; };
		351C18D52A9542F2005A966C /* DiscountDto.swift in Sources */ = {isa = PBXBuildFile; fileRef = 351C18CF2A9542F2005A966C /* DiscountDto.swift */; };
		3525728B2AD2882F00E33C8E /* Config.swift in Sources */ = {isa = PBXBuildFile; fileRef = 3525728A2AD2882F00E33C8E /* Config.swift */; };
		352572922AD28E2300E33C8E /* ConfigAppStorage.swift in Sources */ = {isa = PBXBuildFile; fileRef = 352572912AD28E2300E33C8E /* ConfigAppStorage.swift */; };
		352572952AD290CF00E33C8E /* Launch.swift in Sources */ = {isa = PBXBuildFile; fileRef = 352572942AD290CF00E33C8E /* Launch.swift */; };
		352572982AD2928F00E33C8E /* GetConfig.swift in Sources */ = {isa = PBXBuildFile; fileRef = 352572972AD2928F00E33C8E /* GetConfig.swift */; };
		3525729A2AD292D400E33C8E /* GeneralSettingViewModel.swift in Sources */ = {isa = PBXBuildFile; fileRef = 352572992AD292D400E33C8E /* GeneralSettingViewModel.swift */; };
		353552FE2AD6293C00958645 /* Date.swift in Sources */ = {isa = PBXBuildFile; fileRef = 353552FD2AD6293C00958645 /* Date.swift */; };
		35464AE82AD004200072720A /* ProductDao.swift in Sources */ = {isa = PBXBuildFile; fileRef = 35464AE72AD004200072720A /* ProductDao.swift */; };
		3547B1F42ADB159300770EF2 /* Seat.swift in Sources */ = {isa = PBXBuildFile; fileRef = 3547B1F32ADB159300770EF2 /* Seat.swift */; };
		3547B1F62ADB160400770EF2 /* SeatRepositoryServer.swift in Sources */ = {isa = PBXBuildFile; fileRef = 3547B1F52ADB160400770EF2 /* SeatRepositoryServer.swift */; };
		3547B1F92ADB16D700770EF2 /* GetSeats.swift in Sources */ = {isa = PBXBuildFile; fileRef = 3547B1F82ADB16D700770EF2 /* GetSeats.swift */; };
		3547B1FB2ADB298700770EF2 /* GetShouldHaveCash.swift in Sources */ = {isa = PBXBuildFile; fileRef = 3547B1FA2ADB298700770EF2 /* GetShouldHaveCash.swift */; };
		3547B1FE2ADB3DCB00770EF2 /* CustomerDisplayService.swift in Sources */ = {isa = PBXBuildFile; fileRef = 3547B1FD2ADB3DCB00770EF2 /* CustomerDisplayService.swift */; };
		3547B2012ADB3ED700770EF2 /* SwifterCustomerDisplayService.swift in Sources */ = {isa = PBXBuildFile; fileRef = 3547B2002ADB3ED700770EF2 /* SwifterCustomerDisplayService.swift */; };
		3557C7182A826A1200C72F17 /* cafelogos_posApp.swift in Sources */ = {isa = PBXBuildFile; fileRef = 3557C7172A826A1200C72F17 /* cafelogos_posApp.swift */; };
		3557C71A2A826A1200C72F17 /* ContentView.swift in Sources */ = {isa = PBXBuildFile; fileRef = 3557C7192A826A1200C72F17 /* ContentView.swift */; };
		3557C71C2A826A1300C72F17 /* Assets.xcassets in Resources */ = {isa = PBXBuildFile; fileRef = 3557C71B2A826A1300C72F17 /* Assets.xcassets */; };
		3557C71F2A826A1300C72F17 /* Preview Assets.xcassets in Resources */ = {isa = PBXBuildFile; fileRef = 3557C71E2A826A1300C72F17 /* Preview Assets.xcassets */; };
		3557C7292A826A1300C72F17 /* cafelogos_posTests.swift in Sources */ = {isa = PBXBuildFile; fileRef = 3557C7282A826A1300C72F17 /* cafelogos_posTests.swift */; };
		3557C7332A826A1300C72F17 /* cafelogos_posUITests.swift in Sources */ = {isa = PBXBuildFile; fileRef = 3557C7322A826A1300C72F17 /* cafelogos_posUITests.swift */; };
		3557C7352A826A1300C72F17 /* cafelogos_posUITestsLaunchTests.swift in Sources */ = {isa = PBXBuildFile; fileRef = 3557C7342A826A1300C72F17 /* cafelogos_posUITestsLaunchTests.swift */; };
		355927632ABB3B4F00AF7B0E /* ChooseOptionSheet.swift in Sources */ = {isa = PBXBuildFile; fileRef = 355927582ABB3B4F00AF7B0E /* ChooseOptionSheet.swift */; };
		355927672ABB3B4F00AF7B0E /* NavBarBody.swift in Sources */ = {isa = PBXBuildFile; fileRef = 3559275F2ABB3B4F00AF7B0E /* NavBarBody.swift */; };
		355927682ABB3B4F00AF7B0E /* PaymentView.swift in Sources */ = {isa = PBXBuildFile; fileRef = 355927612ABB3B4F00AF7B0E /* PaymentView.swift */; };
		3559276B2ABBF40A00AF7B0E /* PaymentSuccessView.swift in Sources */ = {isa = PBXBuildFile; fileRef = 3559276A2ABBF40A00AF7B0E /* PaymentSuccessView.swift */; };
		3564C3C22AD0099B00F84F42 /* Realm in Frameworks */ = {isa = PBXBuildFile; productRef = 3564C3C12AD0099B00F84F42 /* Realm */; };
		3564C3C42AD0099B00F84F42 /* RealmSwift in Frameworks */ = {isa = PBXBuildFile; productRef = 3564C3C32AD0099B00F84F42 /* RealmSwift */; };
		3564C3C62AD00CAC00F84F42 /* ProductCategoryDao.swift in Sources */ = {isa = PBXBuildFile; fileRef = 3564C3C52AD00CAC00F84F42 /* ProductCategoryDao.swift */; };
		3564C3C82AD00CF000F84F42 /* CoffeeBeanDao.swift in Sources */ = {isa = PBXBuildFile; fileRef = 3564C3C72AD00CF000F84F42 /* CoffeeBeanDao.swift */; };
		3564C3CA2AD00E2D00F84F42 /* ProductCoffeeBrewDao.swift in Sources */ = {isa = PBXBuildFile; fileRef = 3564C3C92AD00E2D00F84F42 /* ProductCoffeeBrewDao.swift */; };
		3564C3CC2AD00E9100F84F42 /* StockDao.swift in Sources */ = {isa = PBXBuildFile; fileRef = 3564C3CB2AD00E9100F84F42 /* StockDao.swift */; };
		3564C3CE2AD00EE500F84F42 /* OrderDao.swift in Sources */ = {isa = PBXBuildFile; fileRef = 3564C3CD2AD00EE500F84F42 /* OrderDao.swift */; };
		3564C3D02AD00FEA00F84F42 /* OrderTicketDao.swift in Sources */ = {isa = PBXBuildFile; fileRef = 3564C3CF2AD00FEA00F84F42 /* OrderTicketDao.swift */; };
		3564C3D22AD0106800F84F42 /* OrderItemDao.swift in Sources */ = {isa = PBXBuildFile; fileRef = 3564C3D12AD0106800F84F42 /* OrderItemDao.swift */; };
		3564C3D42AD0111F00F84F42 /* PaymentDao.swift in Sources */ = {isa = PBXBuildFile; fileRef = 3564C3D32AD0111F00F84F42 /* PaymentDao.swift */; };
		3564C3D62AD011CD00F84F42 /* DiscountDao.swift in Sources */ = {isa = PBXBuildFile; fileRef = 3564C3D52AD011CD00F84F42 /* DiscountDao.swift */; };
		3564C3D82AD0125600F84F42 /* OrderDiscountDao.swift in Sources */ = {isa = PBXBuildFile; fileRef = 3564C3D72AD0125600F84F42 /* OrderDiscountDao.swift */; };
		3564C3DC2AD012C000F84F42 /* DenominationDao.swift in Sources */ = {isa = PBXBuildFile; fileRef = 3564C3DB2AD012C000F84F42 /* DenominationDao.swift */; };
		3564C3DF2AD0199C00F84F42 /* ULID in Frameworks */ = {isa = PBXBuildFile; productRef = 3564C3DE2AD0199C00F84F42 /* ULID */; };
		3564C3E32AD01A7F00F84F42 /* OrderDiscount.swift in Sources */ = {isa = PBXBuildFile; fileRef = 3564C3E22AD01A7F00F84F42 /* OrderDiscount.swift */; };
		3564C3E82AD01CD400F84F42 /* Dependencies in Frameworks */ = {isa = PBXBuildFile; productRef = 3564C3E72AD01CD400F84F42 /* Dependencies */; };
		3564C3EB2AD0212700F84F42 /* DenominationRealm.swift in Sources */ = {isa = PBXBuildFile; fileRef = 3564C3EA2AD0212700F84F42 /* DenominationRealm.swift */; };
		3564C3ED2AD0518500F84F42 /* StartTransactionViewModel.swift in Sources */ = {isa = PBXBuildFile; fileRef = 3564C3EC2AD0518500F84F42 /* StartTransactionViewModel.swift */; };
		3564C3F12AD052F600F84F42 /* StartCacher.swift in Sources */ = {isa = PBXBuildFile; fileRef = 3564C3F02AD052F600F84F42 /* StartCacher.swift */; };
		3564C3F32AD053C800F84F42 /* DI.swift in Sources */ = {isa = PBXBuildFile; fileRef = 3564C3F22AD053C800F84F42 /* DI.swift */; };
		3564C3F52AD059EB00F84F42 /* SettlementViewModel.swift in Sources */ = {isa = PBXBuildFile; fileRef = 3564C3F42AD059EB00F84F42 /* SettlementViewModel.swift */; };
		3564C3F72AD05AAD00F84F42 /* GetDenominations.swift in Sources */ = {isa = PBXBuildFile; fileRef = 3564C3F62AD05AAD00F84F42 /* GetDenominations.swift */; };
		3564C3F92AD05DD600F84F42 /* Settle.swift in Sources */ = {isa = PBXBuildFile; fileRef = 3564C3F82AD05DD600F84F42 /* Settle.swift */; };
		3564C3FB2AD062D000F84F42 /* InspectionViewModel.swift in Sources */ = {isa = PBXBuildFile; fileRef = 3564C3FA2AD062D000F84F42 /* InspectionViewModel.swift */; };
		3586BDDA2A8F531F009E346E /* CoffeeProduct.swift in Sources */ = {isa = PBXBuildFile; fileRef = 3586BDD92A8F531F009E346E /* CoffeeProduct.swift */; };
		3586BDDC2A8F716E009E346E /* CoffeeBean.swift in Sources */ = {isa = PBXBuildFile; fileRef = 3586BDDB2A8F716E009E346E /* CoffeeBean.swift */; };
		3586BDDE2A8F7494009E346E /* CoffeeHowToBrew.swift in Sources */ = {isa = PBXBuildFile; fileRef = 3586BDDD2A8F7494009E346E /* CoffeeHowToBrew.swift */; };
		3586BDE02A8F76B1009E346E /* OtherProduct.swift in Sources */ = {isa = PBXBuildFile; fileRef = 3586BDDF2A8F76B1009E346E /* OtherProduct.swift */; };
		3586BDE42A8F798E009E346E /* ProductCategory.swift in Sources */ = {isa = PBXBuildFile; fileRef = 3586BDE32A8F798E009E346E /* ProductCategory.swift */; };
		3586BDE62A8F79C1009E346E /* Stock.swift in Sources */ = {isa = PBXBuildFile; fileRef = 3586BDE52A8F79C1009E346E /* Stock.swift */; };
		3586BDE82A8F7A9A009E346E /* Denomination.swift in Sources */ = {isa = PBXBuildFile; fileRef = 3586BDE72A8F7A9A009E346E /* Denomination.swift */; };
		3586BDEA2A8F7D43009E346E /* CartItem.swift in Sources */ = {isa = PBXBuildFile; fileRef = 3586BDE92A8F7D43009E346E /* CartItem.swift */; };
		3586BDEC2A8F7E24009E346E /* Cart.swift in Sources */ = {isa = PBXBuildFile; fileRef = 3586BDEB2A8F7E24009E346E /* Cart.swift */; };
		3586BDEE2A8F8090009E346E /* Denominations.swift in Sources */ = {isa = PBXBuildFile; fileRef = 3586BDED2A8F8090009E346E /* Denominations.swift */; };
		3586BDF52A8FAD48009E346E /* LogosError.swift in Sources */ = {isa = PBXBuildFile; fileRef = 3586BDF42A8FAD48009E346E /* LogosError.swift */; };
		3586BDF72A8FC479009E346E /* .gitignore in Resources */ = {isa = PBXBuildFile; fileRef = 3586BDF62A8FC479009E346E /* .gitignore */; };
		359664162AD29EE900D6D303 /* SaveConfig.swift in Sources */ = {isa = PBXBuildFile; fileRef = 359664152AD29EE900D6D303 /* SaveConfig.swift */; };
		35A6B2962AD645B50052F227 /* DiscountRepositoryServer.swift in Sources */ = {isa = PBXBuildFile; fileRef = 35A6B2952AD645B50052F227 /* DiscountRepositoryServer.swift */; };
		35A6B2982AD647C60052F227 /* GetDiscounts.swift in Sources */ = {isa = PBXBuildFile; fileRef = 35A6B2972AD647C60052F227 /* GetDiscounts.swift */; };
		35B733E82AD6832D00DD6B16 /* PaymentViewModel.swift in Sources */ = {isa = PBXBuildFile; fileRef = 35B733E72AD6832D00DD6B16 /* PaymentViewModel.swift */; };
		35B733EA2AD68CA900DD6B16 /* PaymentServiceServer.swift in Sources */ = {isa = PBXBuildFile; fileRef = 35B733E92AD68CA900DD6B16 /* PaymentServiceServer.swift */; };
		35CD0DB72AD77BAE007F5307 /* PrinterDiscovery.swift in Sources */ = {isa = PBXBuildFile; fileRef = 35CD0DB62AD77BAE007F5307 /* PrinterDiscovery.swift */; };
		35CD0DB92AD77E71007F5307 /* OpenCacher.swift in Sources */ = {isa = PBXBuildFile; fileRef = 35CD0DB82AD77E71007F5307 /* OpenCacher.swift */; };
		35CD0DBC2AD8C159007F5307 /* PaymentService.swift in Sources */ = {isa = PBXBuildFile; fileRef = 35CD0DBB2AD8C159007F5307 /* PaymentService.swift */; };
		35CD0DBE2AD8C9D1007F5307 /* OrderRealm.swift in Sources */ = {isa = PBXBuildFile; fileRef = 35CD0DBD2AD8C9D1007F5307 /* OrderRealm.swift */; };
		35CD0DC02AD8CB5F007F5307 /* PaymentRealm.swift in Sources */ = {isa = PBXBuildFile; fileRef = 35CD0DBF2AD8CB5F007F5307 /* PaymentRealm.swift */; };
		35CD0DC22AD8D2C3007F5307 /* NewPayment.swift in Sources */ = {isa = PBXBuildFile; fileRef = 35CD0DC12AD8D2C3007F5307 /* NewPayment.swift */; };
		35CD0DC42AD8D570007F5307 /* GetUnpaidOrdersBySeatId.swift in Sources */ = {isa = PBXBuildFile; fileRef = 35CD0DC32AD8D570007F5307 /* GetUnpaidOrdersBySeatId.swift */; };
		35CD0DC62AD8D5A1007F5307 /* OrderServiceServer.swift in Sources */ = {isa = PBXBuildFile; fileRef = 35CD0DC52AD8D5A1007F5307 /* OrderServiceServer.swift */; };
		35CD0DC82AD91C92007F5307 /* PaymentSuccessViewModel.swift in Sources */ = {isa = PBXBuildFile; fileRef = 35CD0DC72AD91C92007F5307 /* PaymentSuccessViewModel.swift */; };
		35D4346F2AD602990043F7AE /* cafelogos-grpc in Frameworks */ = {isa = PBXBuildFile; productRef = 35D4346E2AD602990043F7AE /* cafelogos-grpc */; };
		35D434722AD603150043F7AE /* Connect in Frameworks */ = {isa = PBXBuildFile; productRef = 35D434712AD603150043F7AE /* Connect */; };
		35D434742AD619050043F7AE /* OrderEntryViewModel.swift in Sources */ = {isa = PBXBuildFile; fileRef = 35D434732AD619050043F7AE /* OrderEntryViewModel.swift */; };
		35D434772AD61C270043F7AE /* SwiftProtobuf in Frameworks */ = {isa = PBXBuildFile; productRef = 35D434762AD61C270043F7AE /* SwiftProtobuf */; };
		35D434792AD61C270043F7AE /* SwiftProtobufPluginLibrary in Frameworks */ = {isa = PBXBuildFile; productRef = 35D434782AD61C270043F7AE /* SwiftProtobufPluginLibrary */; };
		35D4347B2AD620EF0043F7AE /* ServerClient.swift in Sources */ = {isa = PBXBuildFile; fileRef = 35D4347A2AD620EF0043F7AE /* ServerClient.swift */; };
		35D463822AD6BD000081E7CB /* OrderReceipt.swift in Sources */ = {isa = PBXBuildFile; fileRef = 35D463812AD6BD000081E7CB /* OrderReceipt.swift */; };
		35D463852AD6BEC50081E7CB /* OrderReceiptStarX.swift in Sources */ = {isa = PBXBuildFile; fileRef = 35D463842AD6BEC50081E7CB /* OrderReceiptStarX.swift */; };
		35D463872AD6C3C70081E7CB /* PrintReceipt.swift in Sources */ = {isa = PBXBuildFile; fileRef = 35D463862AD6C3C70081E7CB /* PrintReceipt.swift */; };
		35FCA9812AD3F73D00164F52 /* StarIO10 in Frameworks */ = {isa = PBXBuildFile; productRef = 35FCA9802AD3F73D00164F52 /* StarIO10 */; };
		35FCA9842AD3FCE700164F52 /* GetCategoriesWithProduct.swift in Sources */ = {isa = PBXBuildFile; fileRef = 35FCA9832AD3FCE700164F52 /* GetCategoriesWithProduct.swift */; };
		35FCA9872AD55A3500164F52 /* ProductQueryServiceServer.swift in Sources */ = {isa = PBXBuildFile; fileRef = 35FCA9862AD55A3500164F52 /* ProductQueryServiceServer.swift */; };
		35FDCD5D2A8FE1E700652093 /* Algorithms in Frameworks */ = {isa = PBXBuildFile; productRef = 35FDCD5C2A8FE1E700652093 /* Algorithms */; };
		35FDCD5F2A908E2500652093 /* Product.swift in Sources */ = {isa = PBXBuildFile; fileRef = 35FDCD5E2A908E2500652093 /* Product.swift */; };
		35FDCD612A908F7300652093 /* Payment.swift in Sources */ = {isa = PBXBuildFile; fileRef = 35FDCD602A908F7300652093 /* Payment.swift */; };
		35FDCD632A9091CC00652093 /* Discount.swift in Sources */ = {isa = PBXBuildFile; fileRef = 35FDCD622A9091CC00652093 /* Discount.swift */; };
		35FDCD652A90936600652093 /* Order.swift in Sources */ = {isa = PBXBuildFile; fileRef = 35FDCD642A90936600652093 /* Order.swift */; };
		EB350B682AC6C534009B6D50 /* TrainingStatus.swift in Sources */ = {isa = PBXBuildFile; fileRef = EB350B672AC6C534009B6D50 /* TrainingStatus.swift */; };
		EB350B6A2AC6C59E009B6D50 /* TitleButton.swift in Sources */ = {isa = PBXBuildFile; fileRef = EB350B692AC6C59E009B6D50 /* TitleButton.swift */; };
		EB350B6C2AC6C6E4009B6D50 /* InspectionView.swift in Sources */ = {isa = PBXBuildFile; fileRef = EB350B6B2AC6C6E4009B6D50 /* InspectionView.swift */; };
		EB3DC13E2AC331B100610578 /* HomeNavButton.swift in Sources */ = {isa = PBXBuildFile; fileRef = EB3DC13D2AC331B100610578 /* HomeNavButton.swift */; };
		EB7429822ABC2F7000AC1414 /* SettingView.swift in Sources */ = {isa = PBXBuildFile; fileRef = EB7429812ABC2F7000AC1414 /* SettingView.swift */; };
		EB7429842ABC9C0200AC1414 /* GeneralSettingView.swift in Sources */ = {isa = PBXBuildFile; fileRef = EB7429832ABC9C0200AC1414 /* GeneralSettingView.swift */; };
		EB7429872ABC9F8200AC1414 /* DeviceNameInputView.swift in Sources */ = {isa = PBXBuildFile; fileRef = EB7429862ABC9F8200AC1414 /* DeviceNameInputView.swift */; };
		EB7429892ABCADF900AC1414 /* CustomerdisplaySetting.swift in Sources */ = {isa = PBXBuildFile; fileRef = EB7429882ABCADF900AC1414 /* CustomerdisplaySetting.swift */; };
		EB74298C2ABD4C4000AC1414 /* SettlementView.swift in Sources */ = {isa = PBXBuildFile; fileRef = EB74298B2ABD4C4000AC1414 /* SettlementView.swift */; };
		EB74298E2ABE0E1200AC1414 /* StartTransactionView.swift in Sources */ = {isa = PBXBuildFile; fileRef = EB74298D2ABE0E1200AC1414 /* StartTransactionView.swift */; };
		EB9282802AD03B300029EAD8 /* OrderEntryView.swift in Sources */ = {isa = PBXBuildFile; fileRef = EB92827F2AD03B300029EAD8 /* OrderEntryView.swift */; };
		EBD8AD022A8A3FF500FC20F1 /* HomeView.swift in Sources */ = {isa = PBXBuildFile; fileRef = EBD8AD012A8A3FF500FC20F1 /* HomeView.swift */; };
		EBE8FF9F2AD1D471002011B5 /* ChooseOrderSheet.swift in Sources */ = {isa = PBXBuildFile; fileRef = EBE8FF9E2AD1D471002011B5 /* ChooseOrderSheet.swift */; };
/* End PBXBuildFile section */

/* Begin PBXContainerItemProxy section */
		3557C7252A826A1300C72F17 /* PBXContainerItemProxy */ = {
			isa = PBXContainerItemProxy;
			containerPortal = 3557C70C2A826A1200C72F17 /* Project object */;
			proxyType = 1;
			remoteGlobalIDString = 3557C7132A826A1200C72F17;
			remoteInfo = "cafelogos-pos";
		};
		3557C72F2A826A1300C72F17 /* PBXContainerItemProxy */ = {
			isa = PBXContainerItemProxy;
			containerPortal = 3557C70C2A826A1200C72F17 /* Project object */;
			proxyType = 1;
			remoteGlobalIDString = 3557C7132A826A1200C72F17;
			remoteInfo = "cafelogos-pos";
		};
/* End PBXContainerItemProxy section */

/* Begin PBXFileReference section */
		351C18B82A9542D6005A966C /* CartTests.swift */ = {isa = PBXFileReference; fileEncoding = 4; lastKnownFileType = sourcecode.swift; path = CartTests.swift; sourceTree = "<group>"; };
		351C18B92A9542D6005A966C /* OrderTests.swift */ = {isa = PBXFileReference; fileEncoding = 4; lastKnownFileType = sourcecode.swift; path = OrderTests.swift; sourceTree = "<group>"; };
		351C18BA2A9542D6005A966C /* DenominationsTests.swift */ = {isa = PBXFileReference; fileEncoding = 4; lastKnownFileType = sourcecode.swift; path = DenominationsTests.swift; sourceTree = "<group>"; };
		351C18C02A9542E3005A966C /* ProductQueryServiceMock.swift */ = {isa = PBXFileReference; fileEncoding = 4; lastKnownFileType = sourcecode.swift; path = ProductQueryServiceMock.swift; sourceTree = "<group>"; };
		351C18C22A9542E3005A966C /* DiscountRepositoryMock.swift */ = {isa = PBXFileReference; fileEncoding = 4; lastKnownFileType = sourcecode.swift; path = DiscountRepositoryMock.swift; sourceTree = "<group>"; };
		351C18C82A9542F2005A966C /* OrderDto.swift */ = {isa = PBXFileReference; fileEncoding = 4; lastKnownFileType = sourcecode.swift; path = OrderDto.swift; sourceTree = "<group>"; };
		351C18CC2A9542F2005A966C /* ProductQueryService.swift */ = {isa = PBXFileReference; fileEncoding = 4; lastKnownFileType = sourcecode.swift; path = ProductQueryService.swift; sourceTree = "<group>"; };
		351C18CD2A9542F2005A966C /* ProductDto.swift */ = {isa = PBXFileReference; fileEncoding = 4; lastKnownFileType = sourcecode.swift; path = ProductDto.swift; sourceTree = "<group>"; };
		351C18CF2A9542F2005A966C /* DiscountDto.swift */ = {isa = PBXFileReference; fileEncoding = 4; lastKnownFileType = sourcecode.swift; path = DiscountDto.swift; sourceTree = "<group>"; };
		3525728A2AD2882F00E33C8E /* Config.swift */ = {isa = PBXFileReference; lastKnownFileType = sourcecode.swift; path = Config.swift; sourceTree = "<group>"; };
		352572912AD28E2300E33C8E /* ConfigAppStorage.swift */ = {isa = PBXFileReference; lastKnownFileType = sourcecode.swift; path = ConfigAppStorage.swift; sourceTree = "<group>"; };
		352572942AD290CF00E33C8E /* Launch.swift */ = {isa = PBXFileReference; lastKnownFileType = sourcecode.swift; path = Launch.swift; sourceTree = "<group>"; };
		352572972AD2928F00E33C8E /* GetConfig.swift */ = {isa = PBXFileReference; lastKnownFileType = sourcecode.swift; path = GetConfig.swift; sourceTree = "<group>"; };
		352572992AD292D400E33C8E /* GeneralSettingViewModel.swift */ = {isa = PBXFileReference; lastKnownFileType = sourcecode.swift; path = GeneralSettingViewModel.swift; sourceTree = "<group>"; };
		353552FD2AD6293C00958645 /* Date.swift */ = {isa = PBXFileReference; lastKnownFileType = sourcecode.swift; path = Date.swift; sourceTree = "<group>"; };
		35464AE72AD004200072720A /* ProductDao.swift */ = {isa = PBXFileReference; lastKnownFileType = sourcecode.swift; path = ProductDao.swift; sourceTree = "<group>"; };
		3547B1F32ADB159300770EF2 /* Seat.swift */ = {isa = PBXFileReference; lastKnownFileType = sourcecode.swift; path = Seat.swift; sourceTree = "<group>"; };
		3547B1F52ADB160400770EF2 /* SeatRepositoryServer.swift */ = {isa = PBXFileReference; lastKnownFileType = sourcecode.swift; path = SeatRepositoryServer.swift; sourceTree = "<group>"; };
		3547B1F82ADB16D700770EF2 /* GetSeats.swift */ = {isa = PBXFileReference; lastKnownFileType = sourcecode.swift; path = GetSeats.swift; sourceTree = "<group>"; };
		3547B1FA2ADB298700770EF2 /* GetShouldHaveCash.swift */ = {isa = PBXFileReference; lastKnownFileType = sourcecode.swift; path = GetShouldHaveCash.swift; sourceTree = "<group>"; };
		3547B1FD2ADB3DCB00770EF2 /* CustomerDisplayService.swift */ = {isa = PBXFileReference; lastKnownFileType = sourcecode.swift; path = CustomerDisplayService.swift; sourceTree = "<group>"; };
		3547B2002ADB3ED700770EF2 /* SwifterCustomerDisplayService.swift */ = {isa = PBXFileReference; lastKnownFileType = sourcecode.swift; path = SwifterCustomerDisplayService.swift; sourceTree = "<group>"; };
		3557C7142A826A1200C72F17 /* cafelogos-pos.app */ = {isa = PBXFileReference; explicitFileType = wrapper.application; includeInIndex = 0; path = "cafelogos-pos.app"; sourceTree = BUILT_PRODUCTS_DIR; };
		3557C7172A826A1200C72F17 /* cafelogos_posApp.swift */ = {isa = PBXFileReference; lastKnownFileType = sourcecode.swift; path = cafelogos_posApp.swift; sourceTree = "<group>"; };
		3557C7192A826A1200C72F17 /* ContentView.swift */ = {isa = PBXFileReference; lastKnownFileType = sourcecode.swift; path = ContentView.swift; sourceTree = "<group>"; };
		3557C71B2A826A1300C72F17 /* Assets.xcassets */ = {isa = PBXFileReference; lastKnownFileType = folder.assetcatalog; path = Assets.xcassets; sourceTree = "<group>"; };
		3557C71E2A826A1300C72F17 /* Preview Assets.xcassets */ = {isa = PBXFileReference; lastKnownFileType = folder.assetcatalog; path = "Preview Assets.xcassets"; sourceTree = "<group>"; };
		3557C7242A826A1300C72F17 /* cafelogos-posTests.xctest */ = {isa = PBXFileReference; explicitFileType = wrapper.cfbundle; includeInIndex = 0; path = "cafelogos-posTests.xctest"; sourceTree = BUILT_PRODUCTS_DIR; };
		3557C7282A826A1300C72F17 /* cafelogos_posTests.swift */ = {isa = PBXFileReference; lastKnownFileType = sourcecode.swift; path = cafelogos_posTests.swift; sourceTree = "<group>"; };
		3557C72E2A826A1300C72F17 /* cafelogos-posUITests.xctest */ = {isa = PBXFileReference; explicitFileType = wrapper.cfbundle; includeInIndex = 0; path = "cafelogos-posUITests.xctest"; sourceTree = BUILT_PRODUCTS_DIR; };
		3557C7322A826A1300C72F17 /* cafelogos_posUITests.swift */ = {isa = PBXFileReference; lastKnownFileType = sourcecode.swift; path = cafelogos_posUITests.swift; sourceTree = "<group>"; };
		3557C7342A826A1300C72F17 /* cafelogos_posUITestsLaunchTests.swift */ = {isa = PBXFileReference; lastKnownFileType = sourcecode.swift; path = cafelogos_posUITestsLaunchTests.swift; sourceTree = "<group>"; };
		355927582ABB3B4F00AF7B0E /* ChooseOptionSheet.swift */ = {isa = PBXFileReference; fileEncoding = 4; lastKnownFileType = sourcecode.swift; path = ChooseOptionSheet.swift; sourceTree = "<group>"; };
		3559275F2ABB3B4F00AF7B0E /* NavBarBody.swift */ = {isa = PBXFileReference; fileEncoding = 4; lastKnownFileType = sourcecode.swift; path = NavBarBody.swift; sourceTree = "<group>"; };
		355927612ABB3B4F00AF7B0E /* PaymentView.swift */ = {isa = PBXFileReference; fileEncoding = 4; lastKnownFileType = sourcecode.swift; path = PaymentView.swift; sourceTree = "<group>"; };
		3559276A2ABBF40A00AF7B0E /* PaymentSuccessView.swift */ = {isa = PBXFileReference; fileEncoding = 4; lastKnownFileType = sourcecode.swift; path = PaymentSuccessView.swift; sourceTree = "<group>"; };
		3564C3C52AD00CAC00F84F42 /* ProductCategoryDao.swift */ = {isa = PBXFileReference; lastKnownFileType = sourcecode.swift; path = ProductCategoryDao.swift; sourceTree = "<group>"; };
		3564C3C72AD00CF000F84F42 /* CoffeeBeanDao.swift */ = {isa = PBXFileReference; lastKnownFileType = sourcecode.swift; path = CoffeeBeanDao.swift; sourceTree = "<group>"; };
		3564C3C92AD00E2D00F84F42 /* ProductCoffeeBrewDao.swift */ = {isa = PBXFileReference; lastKnownFileType = sourcecode.swift; path = ProductCoffeeBrewDao.swift; sourceTree = "<group>"; };
		3564C3CB2AD00E9100F84F42 /* StockDao.swift */ = {isa = PBXFileReference; lastKnownFileType = sourcecode.swift; path = StockDao.swift; sourceTree = "<group>"; };
		3564C3CD2AD00EE500F84F42 /* OrderDao.swift */ = {isa = PBXFileReference; lastKnownFileType = sourcecode.swift; path = OrderDao.swift; sourceTree = "<group>"; };
		3564C3CF2AD00FEA00F84F42 /* OrderTicketDao.swift */ = {isa = PBXFileReference; lastKnownFileType = sourcecode.swift; path = OrderTicketDao.swift; sourceTree = "<group>"; };
		3564C3D12AD0106800F84F42 /* OrderItemDao.swift */ = {isa = PBXFileReference; lastKnownFileType = sourcecode.swift; path = OrderItemDao.swift; sourceTree = "<group>"; };
		3564C3D32AD0111F00F84F42 /* PaymentDao.swift */ = {isa = PBXFileReference; lastKnownFileType = sourcecode.swift; path = PaymentDao.swift; sourceTree = "<group>"; };
		3564C3D52AD011CD00F84F42 /* DiscountDao.swift */ = {isa = PBXFileReference; lastKnownFileType = sourcecode.swift; path = DiscountDao.swift; sourceTree = "<group>"; };
		3564C3D72AD0125600F84F42 /* OrderDiscountDao.swift */ = {isa = PBXFileReference; lastKnownFileType = sourcecode.swift; path = OrderDiscountDao.swift; sourceTree = "<group>"; };
		3564C3DB2AD012C000F84F42 /* DenominationDao.swift */ = {isa = PBXFileReference; lastKnownFileType = sourcecode.swift; path = DenominationDao.swift; sourceTree = "<group>"; };
		3564C3E22AD01A7F00F84F42 /* OrderDiscount.swift */ = {isa = PBXFileReference; lastKnownFileType = sourcecode.swift; path = OrderDiscount.swift; sourceTree = "<group>"; };
		3564C3EA2AD0212700F84F42 /* DenominationRealm.swift */ = {isa = PBXFileReference; lastKnownFileType = sourcecode.swift; path = DenominationRealm.swift; sourceTree = "<group>"; };
		3564C3EC2AD0518500F84F42 /* StartTransactionViewModel.swift */ = {isa = PBXFileReference; lastKnownFileType = sourcecode.swift; path = StartTransactionViewModel.swift; sourceTree = "<group>"; };
		3564C3F02AD052F600F84F42 /* StartCacher.swift */ = {isa = PBXFileReference; lastKnownFileType = sourcecode.swift; path = StartCacher.swift; sourceTree = "<group>"; };
		3564C3F22AD053C800F84F42 /* DI.swift */ = {isa = PBXFileReference; lastKnownFileType = sourcecode.swift; path = DI.swift; sourceTree = "<group>"; };
		3564C3F42AD059EB00F84F42 /* SettlementViewModel.swift */ = {isa = PBXFileReference; lastKnownFileType = sourcecode.swift; path = SettlementViewModel.swift; sourceTree = "<group>"; };
		3564C3F62AD05AAD00F84F42 /* GetDenominations.swift */ = {isa = PBXFileReference; lastKnownFileType = sourcecode.swift; path = GetDenominations.swift; sourceTree = "<group>"; };
		3564C3F82AD05DD600F84F42 /* Settle.swift */ = {isa = PBXFileReference; lastKnownFileType = sourcecode.swift; path = Settle.swift; sourceTree = "<group>"; };
		3564C3FA2AD062D000F84F42 /* InspectionViewModel.swift */ = {isa = PBXFileReference; lastKnownFileType = sourcecode.swift; path = InspectionViewModel.swift; sourceTree = "<group>"; };
		3586BDD92A8F531F009E346E /* CoffeeProduct.swift */ = {isa = PBXFileReference; lastKnownFileType = sourcecode.swift; path = CoffeeProduct.swift; sourceTree = "<group>"; };
		3586BDDB2A8F716E009E346E /* CoffeeBean.swift */ = {isa = PBXFileReference; lastKnownFileType = sourcecode.swift; path = CoffeeBean.swift; sourceTree = "<group>"; };
		3586BDDD2A8F7494009E346E /* CoffeeHowToBrew.swift */ = {isa = PBXFileReference; lastKnownFileType = sourcecode.swift; path = CoffeeHowToBrew.swift; sourceTree = "<group>"; };
		3586BDDF2A8F76B1009E346E /* OtherProduct.swift */ = {isa = PBXFileReference; lastKnownFileType = sourcecode.swift; path = OtherProduct.swift; sourceTree = "<group>"; };
		3586BDE32A8F798E009E346E /* ProductCategory.swift */ = {isa = PBXFileReference; fileEncoding = 4; lastKnownFileType = sourcecode.swift; path = ProductCategory.swift; sourceTree = "<group>"; };
		3586BDE52A8F79C1009E346E /* Stock.swift */ = {isa = PBXFileReference; lastKnownFileType = sourcecode.swift; path = Stock.swift; sourceTree = "<group>"; };
		3586BDE72A8F7A9A009E346E /* Denomination.swift */ = {isa = PBXFileReference; lastKnownFileType = sourcecode.swift; path = Denomination.swift; sourceTree = "<group>"; };
		3586BDE92A8F7D43009E346E /* CartItem.swift */ = {isa = PBXFileReference; lastKnownFileType = sourcecode.swift; path = CartItem.swift; sourceTree = "<group>"; };
		3586BDEB2A8F7E24009E346E /* Cart.swift */ = {isa = PBXFileReference; lastKnownFileType = sourcecode.swift; path = Cart.swift; sourceTree = "<group>"; };
		3586BDED2A8F8090009E346E /* Denominations.swift */ = {isa = PBXFileReference; lastKnownFileType = sourcecode.swift; path = Denominations.swift; sourceTree = "<group>"; };
		3586BDF42A8FAD48009E346E /* LogosError.swift */ = {isa = PBXFileReference; lastKnownFileType = sourcecode.swift; path = LogosError.swift; sourceTree = "<group>"; };
		3586BDF62A8FC479009E346E /* .gitignore */ = {isa = PBXFileReference; lastKnownFileType = text; path = .gitignore; sourceTree = "<group>"; };
		359664152AD29EE900D6D303 /* SaveConfig.swift */ = {isa = PBXFileReference; lastKnownFileType = sourcecode.swift; path = SaveConfig.swift; sourceTree = "<group>"; };
		35A6B2952AD645B50052F227 /* DiscountRepositoryServer.swift */ = {isa = PBXFileReference; lastKnownFileType = sourcecode.swift; path = DiscountRepositoryServer.swift; sourceTree = "<group>"; };
		35A6B2972AD647C60052F227 /* GetDiscounts.swift */ = {isa = PBXFileReference; lastKnownFileType = sourcecode.swift; path = GetDiscounts.swift; sourceTree = "<group>"; };
		35B733E72AD6832D00DD6B16 /* PaymentViewModel.swift */ = {isa = PBXFileReference; lastKnownFileType = sourcecode.swift; path = PaymentViewModel.swift; sourceTree = "<group>"; };
		35B733E92AD68CA900DD6B16 /* PaymentServiceServer.swift */ = {isa = PBXFileReference; lastKnownFileType = sourcecode.swift; path = PaymentServiceServer.swift; sourceTree = "<group>"; };
		35CD0DB62AD77BAE007F5307 /* PrinterDiscovery.swift */ = {isa = PBXFileReference; lastKnownFileType = sourcecode.swift; path = PrinterDiscovery.swift; sourceTree = "<group>"; };
		35CD0DB82AD77E71007F5307 /* OpenCacher.swift */ = {isa = PBXFileReference; lastKnownFileType = sourcecode.swift; path = OpenCacher.swift; sourceTree = "<group>"; };
		35CD0DBB2AD8C159007F5307 /* PaymentService.swift */ = {isa = PBXFileReference; lastKnownFileType = sourcecode.swift; path = PaymentService.swift; sourceTree = "<group>"; };
		35CD0DBD2AD8C9D1007F5307 /* OrderRealm.swift */ = {isa = PBXFileReference; lastKnownFileType = sourcecode.swift; path = OrderRealm.swift; sourceTree = "<group>"; };
		35CD0DBF2AD8CB5F007F5307 /* PaymentRealm.swift */ = {isa = PBXFileReference; lastKnownFileType = sourcecode.swift; path = PaymentRealm.swift; sourceTree = "<group>"; };
		35CD0DC12AD8D2C3007F5307 /* NewPayment.swift */ = {isa = PBXFileReference; lastKnownFileType = sourcecode.swift; path = NewPayment.swift; sourceTree = "<group>"; };
		35CD0DC32AD8D570007F5307 /* GetUnpaidOrdersBySeatId.swift */ = {isa = PBXFileReference; lastKnownFileType = sourcecode.swift; path = GetUnpaidOrdersBySeatId.swift; sourceTree = "<group>"; };
		35CD0DC52AD8D5A1007F5307 /* OrderServiceServer.swift */ = {isa = PBXFileReference; lastKnownFileType = sourcecode.swift; path = OrderServiceServer.swift; sourceTree = "<group>"; };
		35CD0DC72AD91C92007F5307 /* PaymentSuccessViewModel.swift */ = {isa = PBXFileReference; lastKnownFileType = sourcecode.swift; path = PaymentSuccessViewModel.swift; sourceTree = "<group>"; };
		35D434732AD619050043F7AE /* OrderEntryViewModel.swift */ = {isa = PBXFileReference; lastKnownFileType = sourcecode.swift; path = OrderEntryViewModel.swift; sourceTree = "<group>"; };
		35D4347A2AD620EF0043F7AE /* ServerClient.swift */ = {isa = PBXFileReference; lastKnownFileType = sourcecode.swift; path = ServerClient.swift; sourceTree = "<group>"; };
		35D463812AD6BD000081E7CB /* OrderReceipt.swift */ = {isa = PBXFileReference; lastKnownFileType = sourcecode.swift; path = OrderReceipt.swift; sourceTree = "<group>"; };
		35D463842AD6BEC50081E7CB /* OrderReceiptStarX.swift */ = {isa = PBXFileReference; lastKnownFileType = sourcecode.swift; path = OrderReceiptStarX.swift; sourceTree = "<group>"; };
		35D463862AD6C3C70081E7CB /* PrintReceipt.swift */ = {isa = PBXFileReference; lastKnownFileType = sourcecode.swift; path = PrintReceipt.swift; sourceTree = "<group>"; };
		35FCA9832AD3FCE700164F52 /* GetCategoriesWithProduct.swift */ = {isa = PBXFileReference; lastKnownFileType = sourcecode.swift; path = GetCategoriesWithProduct.swift; sourceTree = "<group>"; };
		35FCA9862AD55A3500164F52 /* ProductQueryServiceServer.swift */ = {isa = PBXFileReference; lastKnownFileType = sourcecode.swift; path = ProductQueryServiceServer.swift; sourceTree = "<group>"; };
		35FDCD5E2A908E2500652093 /* Product.swift */ = {isa = PBXFileReference; lastKnownFileType = sourcecode.swift; path = Product.swift; sourceTree = "<group>"; };
		35FDCD602A908F7300652093 /* Payment.swift */ = {isa = PBXFileReference; lastKnownFileType = sourcecode.swift; path = Payment.swift; sourceTree = "<group>"; };
		35FDCD622A9091CC00652093 /* Discount.swift */ = {isa = PBXFileReference; lastKnownFileType = sourcecode.swift; path = Discount.swift; sourceTree = "<group>"; };
		35FDCD642A90936600652093 /* Order.swift */ = {isa = PBXFileReference; lastKnownFileType = sourcecode.swift; path = Order.swift; sourceTree = "<group>"; };
		EB350B672AC6C534009B6D50 /* TrainingStatus.swift */ = {isa = PBXFileReference; lastKnownFileType = sourcecode.swift; path = TrainingStatus.swift; sourceTree = "<group>"; };
		EB350B692AC6C59E009B6D50 /* TitleButton.swift */ = {isa = PBXFileReference; lastKnownFileType = sourcecode.swift; path = TitleButton.swift; sourceTree = "<group>"; };
		EB350B6B2AC6C6E4009B6D50 /* InspectionView.swift */ = {isa = PBXFileReference; lastKnownFileType = sourcecode.swift; path = InspectionView.swift; sourceTree = "<group>"; };
		EB3DC13D2AC331B100610578 /* HomeNavButton.swift */ = {isa = PBXFileReference; lastKnownFileType = sourcecode.swift; path = HomeNavButton.swift; sourceTree = "<group>"; };
		EB7429812ABC2F7000AC1414 /* SettingView.swift */ = {isa = PBXFileReference; lastKnownFileType = sourcecode.swift; path = SettingView.swift; sourceTree = "<group>"; };
		EB7429832ABC9C0200AC1414 /* GeneralSettingView.swift */ = {isa = PBXFileReference; lastKnownFileType = sourcecode.swift; path = GeneralSettingView.swift; sourceTree = "<group>"; };
		EB7429862ABC9F8200AC1414 /* DeviceNameInputView.swift */ = {isa = PBXFileReference; lastKnownFileType = sourcecode.swift; path = DeviceNameInputView.swift; sourceTree = "<group>"; };
		EB7429882ABCADF900AC1414 /* CustomerdisplaySetting.swift */ = {isa = PBXFileReference; lastKnownFileType = sourcecode.swift; path = CustomerdisplaySetting.swift; sourceTree = "<group>"; };
		EB74298B2ABD4C4000AC1414 /* SettlementView.swift */ = {isa = PBXFileReference; lastKnownFileType = sourcecode.swift; path = SettlementView.swift; sourceTree = "<group>"; };
		EB74298D2ABE0E1200AC1414 /* StartTransactionView.swift */ = {isa = PBXFileReference; lastKnownFileType = sourcecode.swift; path = StartTransactionView.swift; sourceTree = "<group>"; };
		EB92827F2AD03B300029EAD8 /* OrderEntryView.swift */ = {isa = PBXFileReference; lastKnownFileType = sourcecode.swift; path = OrderEntryView.swift; sourceTree = "<group>"; };
		EBD8AD012A8A3FF500FC20F1 /* HomeView.swift */ = {isa = PBXFileReference; lastKnownFileType = sourcecode.swift; path = HomeView.swift; sourceTree = "<group>"; };
		EBE8FF9B2AD1BCCC002011B5 /* Info.plist */ = {isa = PBXFileReference; lastKnownFileType = text.plist; path = Info.plist; sourceTree = "<group>"; };
		EBE8FF9E2AD1D471002011B5 /* ChooseOrderSheet.swift */ = {isa = PBXFileReference; lastKnownFileType = sourcecode.swift; path = ChooseOrderSheet.swift; sourceTree = "<group>"; };
/* End PBXFileReference section */

/* Begin PBXFrameworksBuildPhase section */
		3557C7112A826A1200C72F17 /* Frameworks */ = {
			isa = PBXFrameworksBuildPhase;
			buildActionMask = 2147483647;
			files = (
				3564C3E82AD01CD400F84F42 /* Dependencies in Frameworks */,
				35D434722AD603150043F7AE /* Connect in Frameworks */,
				35D434792AD61C270043F7AE /* SwiftProtobufPluginLibrary in Frameworks */,
				35D4346F2AD602990043F7AE /* cafelogos-grpc in Frameworks */,
				3564C3C42AD0099B00F84F42 /* RealmSwift in Frameworks */,
				3564C3C22AD0099B00F84F42 /* Realm in Frameworks */,
				35FCA9812AD3F73D00164F52 /* StarIO10 in Frameworks */,
				3564C3DF2AD0199C00F84F42 /* ULID in Frameworks */,
				35FDCD5D2A8FE1E700652093 /* Algorithms in Frameworks */,
				35D434772AD61C270043F7AE /* SwiftProtobuf in Frameworks */,
			);
			runOnlyForDeploymentPostprocessing = 0;
		};
		3557C7212A826A1300C72F17 /* Frameworks */ = {
			isa = PBXFrameworksBuildPhase;
			buildActionMask = 2147483647;
			files = (
			);
			runOnlyForDeploymentPostprocessing = 0;
		};
		3557C72B2A826A1300C72F17 /* Frameworks */ = {
			isa = PBXFrameworksBuildPhase;
			buildActionMask = 2147483647;
			files = (
			);
			runOnlyForDeploymentPostprocessing = 0;
		};
/* End PBXFrameworksBuildPhase section */

/* Begin PBXGroup section */
		351C18B72A9542D6005A966C /* Domain */ = {
			isa = PBXGroup;
			children = (
				351C18B82A9542D6005A966C /* CartTests.swift */,
				351C18B92A9542D6005A966C /* OrderTests.swift */,
				351C18BA2A9542D6005A966C /* DenominationsTests.swift */,
			);
			path = Domain;
			sourceTree = "<group>";
		};
		351C18BE2A9542E3005A966C /* Mock */ = {
			isa = PBXGroup;
			children = (
				351C18BF2A9542E3005A966C /* Product */,
				351C18C12A9542E3005A966C /* Discount */,
			);
			path = Mock;
			sourceTree = "<group>";
		};
		351C18BF2A9542E3005A966C /* Product */ = {
			isa = PBXGroup;
			children = (
				351C18C02A9542E3005A966C /* ProductQueryServiceMock.swift */,
			);
			path = Product;
			sourceTree = "<group>";
		};
		351C18C12A9542E3005A966C /* Discount */ = {
			isa = PBXGroup;
			children = (
				351C18C22A9542E3005A966C /* DiscountRepositoryMock.swift */,
			);
			path = Discount;
			sourceTree = "<group>";
		};
		351C18C62A9542F2005A966C /* Application */ = {
			isa = PBXGroup;
			children = (
				3547B1F72ADB16C700770EF2 /* Seat */,
				35CD0DBA2AD8C147007F5307 /* Payment */,
				352572962AD2928300E33C8E /* Config */,
				352572932AD290BE00E33C8E /* Launch */,
				3564C3EF2AD052B000F84F42 /* Denomination */,
				351C18C72A9542F2005A966C /* Order */,
				351C18CB2A9542F2005A966C /* Product */,
				351C18CE2A9542F2005A966C /* Discount */,
				3547B1FD2ADB3DCB00770EF2 /* CustomerDisplayService.swift */,
			);
			path = Application;
			sourceTree = "<group>";
		};
		351C18C72A9542F2005A966C /* Order */ = {
			isa = PBXGroup;
			children = (
				351C18C82A9542F2005A966C /* OrderDto.swift */,
				35D463862AD6C3C70081E7CB /* PrintReceipt.swift */,
				35CD0DB82AD77E71007F5307 /* OpenCacher.swift */,
				35CD0DC32AD8D570007F5307 /* GetUnpaidOrdersBySeatId.swift */,
			);
			path = Order;
			sourceTree = "<group>";
		};
		351C18CB2A9542F2005A966C /* Product */ = {
			isa = PBXGroup;
			children = (
				351C18CC2A9542F2005A966C /* ProductQueryService.swift */,
				351C18CD2A9542F2005A966C /* ProductDto.swift */,
				35FCA9832AD3FCE700164F52 /* GetCategoriesWithProduct.swift */,
			);
			path = Product;
			sourceTree = "<group>";
		};
		351C18CE2A9542F2005A966C /* Discount */ = {
			isa = PBXGroup;
			children = (
				351C18CF2A9542F2005A966C /* DiscountDto.swift */,
				35A6B2972AD647C60052F227 /* GetDiscounts.swift */,
			);
			path = Discount;
			sourceTree = "<group>";
		};
		352572902AD28E0900E33C8E /* AppStorage */ = {
			isa = PBXGroup;
			children = (
				352572912AD28E2300E33C8E /* ConfigAppStorage.swift */,
			);
			path = AppStorage;
			sourceTree = "<group>";
		};
		352572932AD290BE00E33C8E /* Launch */ = {
			isa = PBXGroup;
			children = (
				352572942AD290CF00E33C8E /* Launch.swift */,
			);
			path = Launch;
			sourceTree = "<group>";
		};
		352572962AD2928300E33C8E /* Config */ = {
			isa = PBXGroup;
			children = (
				352572972AD2928F00E33C8E /* GetConfig.swift */,
				359664152AD29EE900D6D303 /* SaveConfig.swift */,
			);
			path = Config;
			sourceTree = "<group>";
		};
		35464AE52AD003980072720A /* Realm */ = {
			isa = PBXGroup;
			children = (
				35464AE62AD003A70072720A /* Dao */,
				3564C3EA2AD0212700F84F42 /* DenominationRealm.swift */,
				35CD0DBD2AD8C9D1007F5307 /* OrderRealm.swift */,
				35CD0DBF2AD8CB5F007F5307 /* PaymentRealm.swift */,
			);
			path = Realm;
			sourceTree = "<group>";
		};
		35464AE62AD003A70072720A /* Dao */ = {
			isa = PBXGroup;
			children = (
				35464AE72AD004200072720A /* ProductDao.swift */,
				3564C3C52AD00CAC00F84F42 /* ProductCategoryDao.swift */,
				3564C3C72AD00CF000F84F42 /* CoffeeBeanDao.swift */,
				3564C3C92AD00E2D00F84F42 /* ProductCoffeeBrewDao.swift */,
				3564C3CB2AD00E9100F84F42 /* StockDao.swift */,
				3564C3CD2AD00EE500F84F42 /* OrderDao.swift */,
				3564C3CF2AD00FEA00F84F42 /* OrderTicketDao.swift */,
				3564C3D12AD0106800F84F42 /* OrderItemDao.swift */,
				3564C3D32AD0111F00F84F42 /* PaymentDao.swift */,
				3564C3D52AD011CD00F84F42 /* DiscountDao.swift */,
				3564C3D72AD0125600F84F42 /* OrderDiscountDao.swift */,
				3564C3DB2AD012C000F84F42 /* DenominationDao.swift */,
			);
			path = Dao;
			sourceTree = "<group>";
		};
		3547B1F72ADB16C700770EF2 /* Seat */ = {
			isa = PBXGroup;
			children = (
				3547B1F82ADB16D700770EF2 /* GetSeats.swift */,
			);
			path = Seat;
			sourceTree = "<group>";
		};
		3547B1FF2ADB3EC100770EF2 /* Swifter */ = {
			isa = PBXGroup;
			children = (
				3547B2002ADB3ED700770EF2 /* SwifterCustomerDisplayService.swift */,
			);
			path = Swifter;
			sourceTree = "<group>";
		};
		3557C70B2A826A1200C72F17 = {
			isa = PBXGroup;
			children = (
				3586BDF62A8FC479009E346E /* .gitignore */,
				3557C7162A826A1200C72F17 /* cafelogos-pos */,
				3557C7272A826A1300C72F17 /* cafelogos-posTests */,
				3557C7312A826A1300C72F17 /* cafelogos-posUITests */,
				3557C7152A826A1200C72F17 /* Products */,
			);
			sourceTree = "<group>";
		};
		3557C7152A826A1200C72F17 /* Products */ = {
			isa = PBXGroup;
			children = (
				3557C7142A826A1200C72F17 /* cafelogos-pos.app */,
				3557C7242A826A1300C72F17 /* cafelogos-posTests.xctest */,
				3557C72E2A826A1300C72F17 /* cafelogos-posUITests.xctest */,
			);
			name = Products;
			sourceTree = "<group>";
		};
		3557C7162A826A1200C72F17 /* cafelogos-pos */ = {
			isa = PBXGroup;
			children = (
				EBE8FF9B2AD1BCCC002011B5 /* Info.plist */,
				351C18C62A9542F2005A966C /* Application */,
				3586BDD72A8F5039009E346E /* Infra */,
				3586BDD62A8F502E009E346E /* Domain */,
				EBD8ACF92A8A23D000FC20F1 /* Presentation */,
				3557C7172A826A1200C72F17 /* cafelogos_posApp.swift */,
				3557C7192A826A1200C72F17 /* ContentView.swift */,
				3564C3F22AD053C800F84F42 /* DI.swift */,
				3557C71B2A826A1300C72F17 /* Assets.xcassets */,
				3557C71D2A826A1300C72F17 /* Preview Content */,
			);
			path = "cafelogos-pos";
			sourceTree = "<group>";
		};
		3557C71D2A826A1300C72F17 /* Preview Content */ = {
			isa = PBXGroup;
			children = (
				3557C71E2A826A1300C72F17 /* Preview Assets.xcassets */,
			);
			path = "Preview Content";
			sourceTree = "<group>";
		};
		3557C7272A826A1300C72F17 /* cafelogos-posTests */ = {
			isa = PBXGroup;
			children = (
				351C18B72A9542D6005A966C /* Domain */,
				3557C7282A826A1300C72F17 /* cafelogos_posTests.swift */,
				353552FD2AD6293C00958645 /* Date.swift */,
			);
			path = "cafelogos-posTests";
			sourceTree = "<group>";
		};
		3557C7312A826A1300C72F17 /* cafelogos-posUITests */ = {
			isa = PBXGroup;
			children = (
				3557C7322A826A1300C72F17 /* cafelogos_posUITests.swift */,
				3557C7342A826A1300C72F17 /* cafelogos_posUITestsLaunchTests.swift */,
			);
			path = "cafelogos-posUITests";
			sourceTree = "<group>";
		};
		3559275E2ABB3B4F00AF7B0E /* Components */ = {
			isa = PBXGroup;
			children = (
				3559275F2ABB3B4F00AF7B0E /* NavBarBody.swift */,
				EB350B692AC6C59E009B6D50 /* TitleButton.swift */,
			);
			path = Components;
			sourceTree = "<group>";
		};
		355927602ABB3B4F00AF7B0E /* PaymentView */ = {
			isa = PBXGroup;
			children = (
				355927612ABB3B4F00AF7B0E /* PaymentView.swift */,
				35B733E72AD6832D00DD6B16 /* PaymentViewModel.swift */,
			);
			path = PaymentView;
			sourceTree = "<group>";
		};
		355927692ABBF40A00AF7B0E /* PaymentSuccessView */ = {
			isa = PBXGroup;
			children = (
				3559276A2ABBF40A00AF7B0E /* PaymentSuccessView.swift */,
				35CD0DC72AD91C92007F5307 /* PaymentSuccessViewModel.swift */,
			);
			path = PaymentSuccessView;
			sourceTree = "<group>";
		};
		3564C3EF2AD052B000F84F42 /* Denomination */ = {
			isa = PBXGroup;
			children = (
				3564C3F02AD052F600F84F42 /* StartCacher.swift */,
				3564C3F62AD05AAD00F84F42 /* GetDenominations.swift */,
				3564C3F82AD05DD600F84F42 /* Settle.swift */,
				3547B1FA2ADB298700770EF2 /* GetShouldHaveCash.swift */,
			);
			path = Denomination;
			sourceTree = "<group>";
		};
		3586BDD62A8F502E009E346E /* Domain */ = {
			isa = PBXGroup;
			children = (
				3586BDE32A8F798E009E346E /* ProductCategory.swift */,
				3586BDD92A8F531F009E346E /* CoffeeProduct.swift */,
				3586BDDB2A8F716E009E346E /* CoffeeBean.swift */,
				3586BDDD2A8F7494009E346E /* CoffeeHowToBrew.swift */,
				3586BDDF2A8F76B1009E346E /* OtherProduct.swift */,
				3586BDE52A8F79C1009E346E /* Stock.swift */,
				3586BDE72A8F7A9A009E346E /* Denomination.swift */,
				3586BDE92A8F7D43009E346E /* CartItem.swift */,
				3586BDEB2A8F7E24009E346E /* Cart.swift */,
				3586BDED2A8F8090009E346E /* Denominations.swift */,
				3586BDF42A8FAD48009E346E /* LogosError.swift */,
				35FDCD5E2A908E2500652093 /* Product.swift */,
				35FDCD602A908F7300652093 /* Payment.swift */,
				35FDCD622A9091CC00652093 /* Discount.swift */,
				35FDCD642A90936600652093 /* Order.swift */,
				3564C3E22AD01A7F00F84F42 /* OrderDiscount.swift */,
				3525728A2AD2882F00E33C8E /* Config.swift */,
				35D463812AD6BD000081E7CB /* OrderReceipt.swift */,
				3547B1F32ADB159300770EF2 /* Seat.swift */,
			);
			path = Domain;
			sourceTree = "<group>";
		};
		3586BDD72A8F5039009E346E /* Infra */ = {
			isa = PBXGroup;
			children = (
				3547B1FF2ADB3EC100770EF2 /* Swifter */,
				35D463832AD6BE820081E7CB /* StarX */,
				35FCA9852AD55A2500164F52 /* Server */,
				352572902AD28E0900E33C8E /* AppStorage */,
				35464AE52AD003980072720A /* Realm */,
				351C18BE2A9542E3005A966C /* Mock */,
			);
			path = Infra;
			sourceTree = "<group>";
		};
		35CD0DBA2AD8C147007F5307 /* Payment */ = {
			isa = PBXGroup;
			children = (
				35CD0DBB2AD8C159007F5307 /* PaymentService.swift */,
				35CD0DC12AD8D2C3007F5307 /* NewPayment.swift */,
			);
			path = Payment;
			sourceTree = "<group>";
		};
		35D463832AD6BE820081E7CB /* StarX */ = {
			isa = PBXGroup;
			children = (
				35D463842AD6BEC50081E7CB /* OrderReceiptStarX.swift */,
				35CD0DB62AD77BAE007F5307 /* PrinterDiscovery.swift */,
			);
			path = StarX;
			sourceTree = "<group>";
		};
		35FCA9852AD55A2500164F52 /* Server */ = {
			isa = PBXGroup;
			children = (
				35FCA9862AD55A3500164F52 /* ProductQueryServiceServer.swift */,
				35A6B2952AD645B50052F227 /* DiscountRepositoryServer.swift */,
				35D4347A2AD620EF0043F7AE /* ServerClient.swift */,
				35B733E92AD68CA900DD6B16 /* PaymentServiceServer.swift */,
				35CD0DC52AD8D5A1007F5307 /* OrderServiceServer.swift */,
				3547B1F52ADB160400770EF2 /* SeatRepositoryServer.swift */,
			);
			path = Server;
			sourceTree = "<group>";
		};
		EB38B4652A951E87003BFFA6 /* Components */ = {
			isa = PBXGroup;
			children = (
				EB3DC13D2AC331B100610578 /* HomeNavButton.swift */,
				EB350B672AC6C534009B6D50 /* TrainingStatus.swift */,
			);
			path = Components;
			sourceTree = "<group>";
		};
		EB74297F2ABC2F4800AC1414 /* SettingView */ = {
			isa = PBXGroup;
			children = (
				EB7429812ABC2F7000AC1414 /* SettingView.swift */,
				EB7429832ABC9C0200AC1414 /* GeneralSettingView.swift */,
				352572992AD292D400E33C8E /* GeneralSettingViewModel.swift */,
				EB7429852ABC9F5300AC1414 /* GeneralSettings */,
				EB7429882ABCADF900AC1414 /* CustomerdisplaySetting.swift */,
			);
			path = SettingView;
			sourceTree = "<group>";
		};
		EB7429852ABC9F5300AC1414 /* GeneralSettings */ = {
			isa = PBXGroup;
			children = (
				EB7429862ABC9F8200AC1414 /* DeviceNameInputView.swift */,
			);
			path = GeneralSettings;
			sourceTree = "<group>";
		};
		EB74298A2ABD4B7E00AC1414 /* Transactions */ = {
			isa = PBXGroup;
			children = (
				EB74298B2ABD4C4000AC1414 /* SettlementView.swift */,
				3564C3F42AD059EB00F84F42 /* SettlementViewModel.swift */,
				EB74298D2ABE0E1200AC1414 /* StartTransactionView.swift */,
				3564C3EC2AD0518500F84F42 /* StartTransactionViewModel.swift */,
				EB350B6B2AC6C6E4009B6D50 /* InspectionView.swift */,
				3564C3FA2AD062D000F84F42 /* InspectionViewModel.swift */,
			);
			path = Transactions;
			sourceTree = "<group>";
		};
		EBD8ACF92A8A23D000FC20F1 /* Presentation */ = {
			isa = PBXGroup;
			children = (
				EBE8FF9A2AD194BC002011B5 /* OrderEntryView */,
				EB74298A2ABD4B7E00AC1414 /* Transactions */,
				EB74297F2ABC2F4800AC1414 /* SettingView */,
				355927692ABBF40A00AF7B0E /* PaymentSuccessView */,
				3559275E2ABB3B4F00AF7B0E /* Components */,
				355927602ABB3B4F00AF7B0E /* PaymentView */,
				EBD8ACFC2A8A3E8A00FC20F1 /* HomeView */,
			);
			path = Presentation;
			sourceTree = "<group>";
		};
		EBD8ACFC2A8A3E8A00FC20F1 /* HomeView */ = {
			isa = PBXGroup;
			children = (
				EB38B4652A951E87003BFFA6 /* Components */,
				EBD8AD012A8A3FF500FC20F1 /* HomeView.swift */,
			);
			path = HomeView;
			sourceTree = "<group>";
		};
		EBE8FF9A2AD194BC002011B5 /* OrderEntryView */ = {
			isa = PBXGroup;
			children = (
				355927582ABB3B4F00AF7B0E /* ChooseOptionSheet.swift */,
				EB92827F2AD03B300029EAD8 /* OrderEntryView.swift */,
				35D434732AD619050043F7AE /* OrderEntryViewModel.swift */,
				EBE8FF9E2AD1D471002011B5 /* ChooseOrderSheet.swift */,
			);
			path = OrderEntryView;
			sourceTree = "<group>";
		};
/* End PBXGroup section */

/* Begin PBXNativeTarget section */
		3557C7132A826A1200C72F17 /* cafelogos-pos */ = {
			isa = PBXNativeTarget;
			buildConfigurationList = 3557C7382A826A1300C72F17 /* Build configuration list for PBXNativeTarget "cafelogos-pos" */;
			buildPhases = (
				3557C7102A826A1200C72F17 /* Sources */,
				3557C7112A826A1200C72F17 /* Frameworks */,
				3557C7122A826A1200C72F17 /* Resources */,
			);
			buildRules = (
			);
			dependencies = (
			);
			name = "cafelogos-pos";
			packageProductDependencies = (
				35FDCD5C2A8FE1E700652093 /* Algorithms */,
				3564C3C12AD0099B00F84F42 /* Realm */,
				3564C3C32AD0099B00F84F42 /* RealmSwift */,
				3564C3DE2AD0199C00F84F42 /* ULID */,
				3564C3E72AD01CD400F84F42 /* Dependencies */,
				35FCA9802AD3F73D00164F52 /* StarIO10 */,
				35D4346E2AD602990043F7AE /* cafelogos-grpc */,
				35D434712AD603150043F7AE /* Connect */,
				35D434762AD61C270043F7AE /* SwiftProtobuf */,
				35D434782AD61C270043F7AE /* SwiftProtobufPluginLibrary */,
			);
			productName = "cafelogos-pos";
			productReference = 3557C7142A826A1200C72F17 /* cafelogos-pos.app */;
			productType = "com.apple.product-type.application";
		};
		3557C7232A826A1300C72F17 /* cafelogos-posTests */ = {
			isa = PBXNativeTarget;
			buildConfigurationList = 3557C73B2A826A1300C72F17 /* Build configuration list for PBXNativeTarget "cafelogos-posTests" */;
			buildPhases = (
				3557C7202A826A1300C72F17 /* Sources */,
				3557C7212A826A1300C72F17 /* Frameworks */,
				3557C7222A826A1300C72F17 /* Resources */,
			);
			buildRules = (
			);
			dependencies = (
				3557C7262A826A1300C72F17 /* PBXTargetDependency */,
			);
			name = "cafelogos-posTests";
			productName = "cafelogos-posTests";
			productReference = 3557C7242A826A1300C72F17 /* cafelogos-posTests.xctest */;
			productType = "com.apple.product-type.bundle.unit-test";
		};
		3557C72D2A826A1300C72F17 /* cafelogos-posUITests */ = {
			isa = PBXNativeTarget;
			buildConfigurationList = 3557C73E2A826A1300C72F17 /* Build configuration list for PBXNativeTarget "cafelogos-posUITests" */;
			buildPhases = (
				3557C72A2A826A1300C72F17 /* Sources */,
				3557C72B2A826A1300C72F17 /* Frameworks */,
				3557C72C2A826A1300C72F17 /* Resources */,
			);
			buildRules = (
			);
			dependencies = (
				3557C7302A826A1300C72F17 /* PBXTargetDependency */,
			);
			name = "cafelogos-posUITests";
			productName = "cafelogos-posUITests";
			productReference = 3557C72E2A826A1300C72F17 /* cafelogos-posUITests.xctest */;
			productType = "com.apple.product-type.bundle.ui-testing";
		};
/* End PBXNativeTarget section */

/* Begin PBXProject section */
		3557C70C2A826A1200C72F17 /* Project object */ = {
			isa = PBXProject;
			attributes = {
				BuildIndependentTargetsInParallel = 1;
				LastSwiftUpdateCheck = 1430;
				LastUpgradeCheck = 1500;
				TargetAttributes = {
					3557C7132A826A1200C72F17 = {
						CreatedOnToolsVersion = 14.3.1;
					};
					3557C7232A826A1300C72F17 = {
						CreatedOnToolsVersion = 14.3.1;
						TestTargetID = 3557C7132A826A1200C72F17;
					};
					3557C72D2A826A1300C72F17 = {
						CreatedOnToolsVersion = 14.3.1;
						TestTargetID = 3557C7132A826A1200C72F17;
					};
				};
			};
			buildConfigurationList = 3557C70F2A826A1200C72F17 /* Build configuration list for PBXProject "cafelogos-pos" */;
			compatibilityVersion = "Xcode 14.0";
			developmentRegion = ja;
			hasScannedForEncodings = 0;
			knownRegions = (
				en,
				Base,
				ja,
			);
			mainGroup = 3557C70B2A826A1200C72F17;
			packageReferences = (
				35FDCD5B2A8FE1E700652093 /* XCRemoteSwiftPackageReference "swift-algorithms" */,
				35464AE42AD003660072720A /* XCRemoteSwiftPackageReference "realm-swift" */,
				3564C3DD2AD0199C00F84F42 /* XCRemoteSwiftPackageReference "ULID.swift" */,
				3564C3E62AD01CD400F84F42 /* XCRemoteSwiftPackageReference "swift-dependencies" */,
				35FCA97F2AD3F73D00164F52 /* XCRemoteSwiftPackageReference "StarXpand-SDK-iOS" */,
				35D4346D2AD602990043F7AE /* XCRemoteSwiftPackageReference "cafelogos-grpc" */,
				35D434702AD603150043F7AE /* XCRemoteSwiftPackageReference "connect-swift" */,
				35D434752AD61C270043F7AE /* XCRemoteSwiftPackageReference "swift-protobuf" */,
				3547B1FC2ADB3ACA00770EF2 /* XCRemoteSwiftPackageReference "swifter" */,
			);
			productRefGroup = 3557C7152A826A1200C72F17 /* Products */;
			projectDirPath = "";
			projectRoot = "";
			targets = (
				3557C7132A826A1200C72F17 /* cafelogos-pos */,
				3557C7232A826A1300C72F17 /* cafelogos-posTests */,
				3557C72D2A826A1300C72F17 /* cafelogos-posUITests */,
			);
		};
/* End PBXProject section */

/* Begin PBXResourcesBuildPhase section */
		3557C7122A826A1200C72F17 /* Resources */ = {
			isa = PBXResourcesBuildPhase;
			buildActionMask = 2147483647;
			files = (
				3557C71F2A826A1300C72F17 /* Preview Assets.xcassets in Resources */,
				3586BDF72A8FC479009E346E /* .gitignore in Resources */,
				3557C71C2A826A1300C72F17 /* Assets.xcassets in Resources */,
			);
			runOnlyForDeploymentPostprocessing = 0;
		};
		3557C7222A826A1300C72F17 /* Resources */ = {
			isa = PBXResourcesBuildPhase;
			buildActionMask = 2147483647;
			files = (
			);
			runOnlyForDeploymentPostprocessing = 0;
		};
		3557C72C2A826A1300C72F17 /* Resources */ = {
			isa = PBXResourcesBuildPhase;
			buildActionMask = 2147483647;
			files = (
			);
			runOnlyForDeploymentPostprocessing = 0;
		};
/* End PBXResourcesBuildPhase section */

/* Begin PBXSourcesBuildPhase section */
		3557C7102A826A1200C72F17 /* Sources */ = {
			isa = PBXSourcesBuildPhase;
			buildActionMask = 2147483647;
			files = (
				3586BDE02A8F76B1009E346E /* OtherProduct.swift in Sources */,
				3564C3E32AD01A7F00F84F42 /* OrderDiscount.swift in Sources */,
				3564C3D62AD011CD00F84F42 /* DiscountDao.swift in Sources */,
				35464AE82AD004200072720A /* ProductDao.swift in Sources */,
				35CD0DC42AD8D570007F5307 /* GetUnpaidOrdersBySeatId.swift in Sources */,
				35FDCD612A908F7300652093 /* Payment.swift in Sources */,
				35FDCD632A9091CC00652093 /* Discount.swift in Sources */,
				3525729A2AD292D400E33C8E /* GeneralSettingViewModel.swift in Sources */,
				EB74298C2ABD4C4000AC1414 /* SettlementView.swift in Sources */,
				3564C3F32AD053C800F84F42 /* DI.swift in Sources */,
				3547B1F42ADB159300770EF2 /* Seat.swift in Sources */,
				35A6B2962AD645B50052F227 /* DiscountRepositoryServer.swift in Sources */,
				3547B1FE2ADB3DCB00770EF2 /* CustomerDisplayService.swift in Sources */,
				35FDCD652A90936600652093 /* Order.swift in Sources */,
				3557C71A2A826A1200C72F17 /* ContentView.swift in Sources */,
				EBD8AD022A8A3FF500FC20F1 /* HomeView.swift in Sources */,
				EB3DC13E2AC331B100610578 /* HomeNavButton.swift in Sources */,
				3564C3CA2AD00E2D00F84F42 /* ProductCoffeeBrewDao.swift in Sources */,
				3564C3D22AD0106800F84F42 /* OrderItemDao.swift in Sources */,
				351C18D02A9542F2005A966C /* OrderDto.swift in Sources */,
				35D463822AD6BD000081E7CB /* OrderReceipt.swift in Sources */,
				3564C3CE2AD00EE500F84F42 /* OrderDao.swift in Sources */,
				3547B2012ADB3ED700770EF2 /* SwifterCustomerDisplayService.swift in Sources */,
				355927682ABB3B4F00AF7B0E /* PaymentView.swift in Sources */,
				EB7429822ABC2F7000AC1414 /* SettingView.swift in Sources */,
				3564C3D02AD00FEA00F84F42 /* OrderTicketDao.swift in Sources */,
				3564C3F12AD052F600F84F42 /* StartCacher.swift in Sources */,
				EB7429842ABC9C0200AC1414 /* GeneralSettingView.swift in Sources */,
				EBE8FF9F2AD1D471002011B5 /* ChooseOrderSheet.swift in Sources */,
				EB9282802AD03B300029EAD8 /* OrderEntryView.swift in Sources */,
				352572952AD290CF00E33C8E /* Launch.swift in Sources */,
				3547B1F92ADB16D700770EF2 /* GetSeats.swift in Sources */,
				3564C3C82AD00CF000F84F42 /* CoffeeBeanDao.swift in Sources */,
				3547B1FB2ADB298700770EF2 /* GetShouldHaveCash.swift in Sources */,
				3586BDDE2A8F7494009E346E /* CoffeeHowToBrew.swift in Sources */,
				3586BDEC2A8F7E24009E346E /* Cart.swift in Sources */,
				355927632ABB3B4F00AF7B0E /* ChooseOptionSheet.swift in Sources */,
				3564C3FB2AD062D000F84F42 /* InspectionViewModel.swift in Sources */,
				EB7429892ABCADF900AC1414 /* CustomerdisplaySetting.swift in Sources */,
				3564C3F72AD05AAD00F84F42 /* GetDenominations.swift in Sources */,
				3564C3F92AD05DD600F84F42 /* Settle.swift in Sources */,
				352572922AD28E2300E33C8E /* ConfigAppStorage.swift in Sources */,
				351C18C52A9542E3005A966C /* DiscountRepositoryMock.swift in Sources */,
				35FCA9872AD55A3500164F52 /* ProductQueryServiceServer.swift in Sources */,
				359664162AD29EE900D6D303 /* SaveConfig.swift in Sources */,
				3564C3C62AD00CAC00F84F42 /* ProductCategoryDao.swift in Sources */,
				3586BDEE2A8F8090009E346E /* Denominations.swift in Sources */,
				3564C3EB2AD0212700F84F42 /* DenominationRealm.swift in Sources */,
				EB7429872ABC9F8200AC1414 /* DeviceNameInputView.swift in Sources */,
				35CD0DC82AD91C92007F5307 /* PaymentSuccessViewModel.swift in Sources */,
				35CD0DC22AD8D2C3007F5307 /* NewPayment.swift in Sources */,
				351C18D32A9542F2005A966C /* ProductQueryService.swift in Sources */,
				35CD0DB72AD77BAE007F5307 /* PrinterDiscovery.swift in Sources */,
				3586BDE42A8F798E009E346E /* ProductCategory.swift in Sources */,
				35CD0DBE2AD8C9D1007F5307 /* OrderRealm.swift in Sources */,
				3525728B2AD2882F00E33C8E /* Config.swift in Sources */,
				35CD0DBC2AD8C159007F5307 /* PaymentService.swift in Sources */,
				3586BDDA2A8F531F009E346E /* CoffeeProduct.swift in Sources */,
				35D4347B2AD620EF0043F7AE /* ServerClient.swift in Sources */,
				EB350B682AC6C534009B6D50 /* TrainingStatus.swift in Sources */,
				355927672ABB3B4F00AF7B0E /* NavBarBody.swift in Sources */,
				EB350B6A2AC6C59E009B6D50 /* TitleButton.swift in Sources */,
				351C18D42A9542F2005A966C /* ProductDto.swift in Sources */,
				3559276B2ABBF40A00AF7B0E /* PaymentSuccessView.swift in Sources */,
				3564C3D42AD0111F00F84F42 /* PaymentDao.swift in Sources */,
				3586BDDC2A8F716E009E346E /* CoffeeBean.swift in Sources */,
				35B733EA2AD68CA900DD6B16 /* PaymentServiceServer.swift in Sources */,
				35FDCD5F2A908E2500652093 /* Product.swift in Sources */,
				3564C3D82AD0125600F84F42 /* OrderDiscountDao.swift in Sources */,
				3564C3CC2AD00E9100F84F42 /* StockDao.swift in Sources */,
				3586BDEA2A8F7D43009E346E /* CartItem.swift in Sources */,
				35D434742AD619050043F7AE /* OrderEntryViewModel.swift in Sources */,
				35B733E82AD6832D00DD6B16 /* PaymentViewModel.swift in Sources */,
				3564C3DC2AD012C000F84F42 /* DenominationDao.swift in Sources */,
				3586BDE82A8F7A9A009E346E /* Denomination.swift in Sources */,
				351C18C42A9542E3005A966C /* ProductQueryServiceMock.swift in Sources */,
				351C18D52A9542F2005A966C /* DiscountDto.swift in Sources */,
				352572982AD2928F00E33C8E /* GetConfig.swift in Sources */,
				35CD0DB92AD77E71007F5307 /* OpenCacher.swift in Sources */,
				35CD0DC02AD8CB5F007F5307 /* PaymentRealm.swift in Sources */,
				35FCA9842AD3FCE700164F52 /* GetCategoriesWithProduct.swift in Sources */,
				35A6B2982AD647C60052F227 /* GetDiscounts.swift in Sources */,
				EB74298E2ABE0E1200AC1414 /* StartTransactionView.swift in Sources */,
				35D463872AD6C3C70081E7CB /* PrintReceipt.swift in Sources */,
				EB350B6C2AC6C6E4009B6D50 /* InspectionView.swift in Sources */,
				3564C3ED2AD0518500F84F42 /* StartTransactionViewModel.swift in Sources */,
				3586BDE62A8F79C1009E346E /* Stock.swift in Sources */,
				35D463852AD6BEC50081E7CB /* OrderReceiptStarX.swift in Sources */,
				3547B1F62ADB160400770EF2 /* SeatRepositoryServer.swift in Sources */,
				3586BDF52A8FAD48009E346E /* LogosError.swift in Sources */,
				3564C3F52AD059EB00F84F42 /* SettlementViewModel.swift in Sources */,
				3557C7182A826A1200C72F17 /* cafelogos_posApp.swift in Sources */,
				35CD0DC62AD8D5A1007F5307 /* OrderServiceServer.swift in Sources */,
			);
			runOnlyForDeploymentPostprocessing = 0;
		};
		3557C7202A826A1300C72F17 /* Sources */ = {
			isa = PBXSourcesBuildPhase;
			buildActionMask = 2147483647;
			files = (
				351C18BC2A9542D6005A966C /* OrderTests.swift in Sources */,
				353552FE2AD6293C00958645 /* Date.swift in Sources */,
				3557C7292A826A1300C72F17 /* cafelogos_posTests.swift in Sources */,
				351C18BD2A9542D6005A966C /* DenominationsTests.swift in Sources */,
				351C18BB2A9542D6005A966C /* CartTests.swift in Sources */,
			);
			runOnlyForDeploymentPostprocessing = 0;
		};
		3557C72A2A826A1300C72F17 /* Sources */ = {
			isa = PBXSourcesBuildPhase;
			buildActionMask = 2147483647;
			files = (
				3557C7332A826A1300C72F17 /* cafelogos_posUITests.swift in Sources */,
				3557C7352A826A1300C72F17 /* cafelogos_posUITestsLaunchTests.swift in Sources */,
			);
			runOnlyForDeploymentPostprocessing = 0;
		};
/* End PBXSourcesBuildPhase section */

/* Begin PBXTargetDependency section */
		3557C7262A826A1300C72F17 /* PBXTargetDependency */ = {
			isa = PBXTargetDependency;
			target = 3557C7132A826A1200C72F17 /* cafelogos-pos */;
			targetProxy = 3557C7252A826A1300C72F17 /* PBXContainerItemProxy */;
		};
		3557C7302A826A1300C72F17 /* PBXTargetDependency */ = {
			isa = PBXTargetDependency;
			target = 3557C7132A826A1200C72F17 /* cafelogos-pos */;
			targetProxy = 3557C72F2A826A1300C72F17 /* PBXContainerItemProxy */;
		};
/* End PBXTargetDependency section */

/* Begin XCBuildConfiguration section */
		3557C7362A826A1300C72F17 /* Debug */ = {
			isa = XCBuildConfiguration;
			buildSettings = {
				ALWAYS_SEARCH_USER_PATHS = NO;
				CLANG_ANALYZER_NONNULL = YES;
				CLANG_ANALYZER_NUMBER_OBJECT_CONVERSION = YES_AGGRESSIVE;
				CLANG_CXX_LANGUAGE_STANDARD = "gnu++20";
				CLANG_ENABLE_MODULES = YES;
				CLANG_ENABLE_OBJC_ARC = YES;
				CLANG_ENABLE_OBJC_WEAK = YES;
				CLANG_WARN_BLOCK_CAPTURE_AUTORELEASING = YES;
				CLANG_WARN_BOOL_CONVERSION = YES;
				CLANG_WARN_COMMA = YES;
				CLANG_WARN_CONSTANT_CONVERSION = YES;
				CLANG_WARN_DEPRECATED_OBJC_IMPLEMENTATIONS = YES;
				CLANG_WARN_DIRECT_OBJC_ISA_USAGE = YES_ERROR;
				CLANG_WARN_DOCUMENTATION_COMMENTS = YES;
				CLANG_WARN_EMPTY_BODY = YES;
				CLANG_WARN_ENUM_CONVERSION = YES;
				CLANG_WARN_INFINITE_RECURSION = YES;
				CLANG_WARN_INT_CONVERSION = YES;
				CLANG_WARN_NON_LITERAL_NULL_CONVERSION = YES;
				CLANG_WARN_OBJC_IMPLICIT_RETAIN_SELF = YES;
				CLANG_WARN_OBJC_LITERAL_CONVERSION = YES;
				CLANG_WARN_OBJC_ROOT_CLASS = YES_ERROR;
				CLANG_WARN_QUOTED_INCLUDE_IN_FRAMEWORK_HEADER = YES;
				CLANG_WARN_RANGE_LOOP_ANALYSIS = YES;
				CLANG_WARN_STRICT_PROTOTYPES = YES;
				CLANG_WARN_SUSPICIOUS_MOVE = YES;
				CLANG_WARN_UNGUARDED_AVAILABILITY = YES_AGGRESSIVE;
				CLANG_WARN_UNREACHABLE_CODE = YES;
				CLANG_WARN__DUPLICATE_METHOD_MATCH = YES;
				COPY_PHASE_STRIP = NO;
				DEBUG_INFORMATION_FORMAT = dwarf;
				ENABLE_STRICT_OBJC_MSGSEND = YES;
				ENABLE_TESTABILITY = YES;
				ENABLE_USER_SCRIPT_SANDBOXING = YES;
				GCC_C_LANGUAGE_STANDARD = gnu11;
				GCC_DYNAMIC_NO_PIC = NO;
				GCC_NO_COMMON_BLOCKS = YES;
				GCC_OPTIMIZATION_LEVEL = 0;
				GCC_PREPROCESSOR_DEFINITIONS = (
					"DEBUG=1",
					"$(inherited)",
				);
				GCC_WARN_64_TO_32_BIT_CONVERSION = YES;
				GCC_WARN_ABOUT_RETURN_TYPE = YES_ERROR;
				GCC_WARN_UNDECLARED_SELECTOR = YES;
				GCC_WARN_UNINITIALIZED_AUTOS = YES_AGGRESSIVE;
				GCC_WARN_UNUSED_FUNCTION = YES;
				GCC_WARN_UNUSED_VARIABLE = YES;
				IPHONEOS_DEPLOYMENT_TARGET = 16.4;
				MTL_ENABLE_DEBUG_INFO = INCLUDE_SOURCE;
				MTL_FAST_MATH = YES;
				ONLY_ACTIVE_ARCH = YES;
				SDKROOT = iphoneos;
				SWIFT_ACTIVE_COMPILATION_CONDITIONS = DEBUG;
				SWIFT_OPTIMIZATION_LEVEL = "-Onone";
			};
			name = Debug;
		};
		3557C7372A826A1300C72F17 /* Release */ = {
			isa = XCBuildConfiguration;
			buildSettings = {
				ALWAYS_SEARCH_USER_PATHS = NO;
				CLANG_ANALYZER_NONNULL = YES;
				CLANG_ANALYZER_NUMBER_OBJECT_CONVERSION = YES_AGGRESSIVE;
				CLANG_CXX_LANGUAGE_STANDARD = "gnu++20";
				CLANG_ENABLE_MODULES = YES;
				CLANG_ENABLE_OBJC_ARC = YES;
				CLANG_ENABLE_OBJC_WEAK = YES;
				CLANG_WARN_BLOCK_CAPTURE_AUTORELEASING = YES;
				CLANG_WARN_BOOL_CONVERSION = YES;
				CLANG_WARN_COMMA = YES;
				CLANG_WARN_CONSTANT_CONVERSION = YES;
				CLANG_WARN_DEPRECATED_OBJC_IMPLEMENTATIONS = YES;
				CLANG_WARN_DIRECT_OBJC_ISA_USAGE = YES_ERROR;
				CLANG_WARN_DOCUMENTATION_COMMENTS = YES;
				CLANG_WARN_EMPTY_BODY = YES;
				CLANG_WARN_ENUM_CONVERSION = YES;
				CLANG_WARN_INFINITE_RECURSION = YES;
				CLANG_WARN_INT_CONVERSION = YES;
				CLANG_WARN_NON_LITERAL_NULL_CONVERSION = YES;
				CLANG_WARN_OBJC_IMPLICIT_RETAIN_SELF = YES;
				CLANG_WARN_OBJC_LITERAL_CONVERSION = YES;
				CLANG_WARN_OBJC_ROOT_CLASS = YES_ERROR;
				CLANG_WARN_QUOTED_INCLUDE_IN_FRAMEWORK_HEADER = YES;
				CLANG_WARN_RANGE_LOOP_ANALYSIS = YES;
				CLANG_WARN_STRICT_PROTOTYPES = YES;
				CLANG_WARN_SUSPICIOUS_MOVE = YES;
				CLANG_WARN_UNGUARDED_AVAILABILITY = YES_AGGRESSIVE;
				CLANG_WARN_UNREACHABLE_CODE = YES;
				CLANG_WARN__DUPLICATE_METHOD_MATCH = YES;
				COPY_PHASE_STRIP = NO;
				DEBUG_INFORMATION_FORMAT = "dwarf-with-dsym";
				ENABLE_NS_ASSERTIONS = NO;
				ENABLE_STRICT_OBJC_MSGSEND = YES;
				ENABLE_USER_SCRIPT_SANDBOXING = YES;
				GCC_C_LANGUAGE_STANDARD = gnu11;
				GCC_NO_COMMON_BLOCKS = YES;
				GCC_WARN_64_TO_32_BIT_CONVERSION = YES;
				GCC_WARN_ABOUT_RETURN_TYPE = YES_ERROR;
				GCC_WARN_UNDECLARED_SELECTOR = YES;
				GCC_WARN_UNINITIALIZED_AUTOS = YES_AGGRESSIVE;
				GCC_WARN_UNUSED_FUNCTION = YES;
				GCC_WARN_UNUSED_VARIABLE = YES;
				IPHONEOS_DEPLOYMENT_TARGET = 16.4;
				MTL_ENABLE_DEBUG_INFO = NO;
				MTL_FAST_MATH = YES;
				SDKROOT = iphoneos;
				SWIFT_COMPILATION_MODE = wholemodule;
				SWIFT_OPTIMIZATION_LEVEL = "-O";
				VALIDATE_PRODUCT = YES;
			};
			name = Release;
		};
		3557C7392A826A1300C72F17 /* Debug */ = {
			isa = XCBuildConfiguration;
			buildSettings = {
				ASSETCATALOG_COMPILER_APPICON_NAME = AppIcon;
				ASSETCATALOG_COMPILER_GLOBAL_ACCENT_COLOR_NAME = AccentColor;
				CODE_SIGN_STYLE = Automatic;
				CURRENT_PROJECT_VERSION = 1;
				DEVELOPMENT_ASSET_PATHS = "\"cafelogos-pos/Preview Content\"";
				DEVELOPMENT_TEAM = XXW387R7AD;
				ENABLE_PREVIEWS = YES;
				GENERATE_INFOPLIST_FILE = YES;
				INFOPLIST_FILE = "cafelogos-pos/Info.plist";
				INFOPLIST_KEY_CFBundleDisplayName = LogoREGI;
				INFOPLIST_KEY_UIApplicationSceneManifest_Generation = YES;
				INFOPLIST_KEY_UIApplicationSupportsIndirectInputEvents = YES;
				INFOPLIST_KEY_UIRequiresFullScreen = YES;
				INFOPLIST_KEY_UISupportedInterfaceOrientations = "UIInterfaceOrientationLandscapeLeft UIInterfaceOrientationLandscapeRight";
				LD_RUNPATH_SEARCH_PATHS = (
					"$(inherited)",
					"@executable_path/Frameworks",
				);
				MARKETING_VERSION = 1.0.6;
				PRODUCT_BUNDLE_IDENTIFIER = "cloud.kagura.cafelogos-pos-mvvm-0706";
				PRODUCT_NAME = "$(TARGET_NAME)";
				SUPPORTED_PLATFORMS = "iphoneos iphonesimulator";
				SUPPORTS_MACCATALYST = NO;
				SUPPORTS_MAC_DESIGNED_FOR_IPHONE_IPAD = YES;
				SWIFT_EMIT_LOC_STRINGS = YES;
				SWIFT_VERSION = 5.0;
				TARGETED_DEVICE_FAMILY = 2;
			};
			name = Debug;
		};
		3557C73A2A826A1300C72F17 /* Release */ = {
			isa = XCBuildConfiguration;
			buildSettings = {
				ASSETCATALOG_COMPILER_APPICON_NAME = AppIcon;
				ASSETCATALOG_COMPILER_GLOBAL_ACCENT_COLOR_NAME = AccentColor;
				CODE_SIGN_STYLE = Automatic;
				CURRENT_PROJECT_VERSION = 1;
				DEVELOPMENT_ASSET_PATHS = "\"cafelogos-pos/Preview Content\"";
				DEVELOPMENT_TEAM = XXW387R7AD;
				ENABLE_PREVIEWS = YES;
				GENERATE_INFOPLIST_FILE = YES;
				INFOPLIST_FILE = "cafelogos-pos/Info.plist";
				INFOPLIST_KEY_CFBundleDisplayName = LogoREGI;
				INFOPLIST_KEY_UIApplicationSceneManifest_Generation = YES;
				INFOPLIST_KEY_UIApplicationSupportsIndirectInputEvents = YES;
				INFOPLIST_KEY_UIRequiresFullScreen = YES;
				INFOPLIST_KEY_UISupportedInterfaceOrientations = "UIInterfaceOrientationLandscapeLeft UIInterfaceOrientationLandscapeRight";
				LD_RUNPATH_SEARCH_PATHS = (
					"$(inherited)",
					"@executable_path/Frameworks",
				);
				MARKETING_VERSION = 1.0.6;
				PRODUCT_BUNDLE_IDENTIFIER = "cloud.kagura.cafelogos-pos-mvvm-0706";
				PRODUCT_NAME = "$(TARGET_NAME)";
				SUPPORTED_PLATFORMS = "iphoneos iphonesimulator";
				SUPPORTS_MACCATALYST = NO;
				SUPPORTS_MAC_DESIGNED_FOR_IPHONE_IPAD = YES;
				SWIFT_EMIT_LOC_STRINGS = YES;
				SWIFT_VERSION = 5.0;
				TARGETED_DEVICE_FAMILY = 2;
			};
			name = Release;
		};
		3557C73C2A826A1300C72F17 /* Debug */ = {
			isa = XCBuildConfiguration;
			buildSettings = {
				ALWAYS_EMBED_SWIFT_STANDARD_LIBRARIES = YES;
				BUNDLE_LOADER = "$(TEST_HOST)";
				CODE_SIGN_STYLE = Automatic;
				CURRENT_PROJECT_VERSION = 1;
				DEVELOPMENT_TEAM = 3266YSU44G;
				GENERATE_INFOPLIST_FILE = YES;
				IPHONEOS_DEPLOYMENT_TARGET = 16.4;
				MARKETING_VERSION = 1.0;
				PRODUCT_BUNDLE_IDENTIFIER = "cloud.kagura.cafelogos-posTests";
				PRODUCT_NAME = "$(TARGET_NAME)";
				SWIFT_EMIT_LOC_STRINGS = NO;
				SWIFT_VERSION = 5.0;
				TARGETED_DEVICE_FAMILY = "1,2";
				TEST_HOST = "$(BUILT_PRODUCTS_DIR)/cafelogos-pos.app/$(BUNDLE_EXECUTABLE_FOLDER_PATH)/cafelogos-pos";
			};
			name = Debug;
		};
		3557C73D2A826A1300C72F17 /* Release */ = {
			isa = XCBuildConfiguration;
			buildSettings = {
				ALWAYS_EMBED_SWIFT_STANDARD_LIBRARIES = YES;
				BUNDLE_LOADER = "$(TEST_HOST)";
				CODE_SIGN_STYLE = Automatic;
				CURRENT_PROJECT_VERSION = 1;
				DEVELOPMENT_TEAM = 3266YSU44G;
				GENERATE_INFOPLIST_FILE = YES;
				IPHONEOS_DEPLOYMENT_TARGET = 16.4;
				MARKETING_VERSION = 1.0;
				PRODUCT_BUNDLE_IDENTIFIER = "cloud.kagura.cafelogos-posTests";
				PRODUCT_NAME = "$(TARGET_NAME)";
				SWIFT_EMIT_LOC_STRINGS = NO;
				SWIFT_VERSION = 5.0;
				TARGETED_DEVICE_FAMILY = "1,2";
				TEST_HOST = "$(BUILT_PRODUCTS_DIR)/cafelogos-pos.app/$(BUNDLE_EXECUTABLE_FOLDER_PATH)/cafelogos-pos";
			};
			name = Release;
		};
		3557C73F2A826A1300C72F17 /* Debug */ = {
			isa = XCBuildConfiguration;
			buildSettings = {
				ALWAYS_EMBED_SWIFT_STANDARD_LIBRARIES = YES;
				CODE_SIGN_STYLE = Automatic;
				CURRENT_PROJECT_VERSION = 1;
				DEVELOPMENT_TEAM = 3266YSU44G;
				GENERATE_INFOPLIST_FILE = YES;
				MARKETING_VERSION = 1.0;
				PRODUCT_BUNDLE_IDENTIFIER = "cloud.kagura.cafelogos-posUITests";
				PRODUCT_NAME = "$(TARGET_NAME)";
				SWIFT_EMIT_LOC_STRINGS = NO;
				SWIFT_VERSION = 5.0;
				TARGETED_DEVICE_FAMILY = "1,2";
				TEST_TARGET_NAME = "cafelogos-pos";
			};
			name = Debug;
		};
		3557C7402A826A1300C72F17 /* Release */ = {
			isa = XCBuildConfiguration;
			buildSettings = {
				ALWAYS_EMBED_SWIFT_STANDARD_LIBRARIES = YES;
				CODE_SIGN_STYLE = Automatic;
				CURRENT_PROJECT_VERSION = 1;
				DEVELOPMENT_TEAM = 3266YSU44G;
				GENERATE_INFOPLIST_FILE = YES;
				MARKETING_VERSION = 1.0;
				PRODUCT_BUNDLE_IDENTIFIER = "cloud.kagura.cafelogos-posUITests";
				PRODUCT_NAME = "$(TARGET_NAME)";
				SWIFT_EMIT_LOC_STRINGS = NO;
				SWIFT_VERSION = 5.0;
				TARGETED_DEVICE_FAMILY = "1,2";
				TEST_TARGET_NAME = "cafelogos-pos";
			};
			name = Release;
		};
/* End XCBuildConfiguration section */

/* Begin XCConfigurationList section */
		3557C70F2A826A1200C72F17 /* Build configuration list for PBXProject "cafelogos-pos" */ = {
			isa = XCConfigurationList;
			buildConfigurations = (
				3557C7362A826A1300C72F17 /* Debug */,
				3557C7372A826A1300C72F17 /* Release */,
			);
			defaultConfigurationIsVisible = 0;
			defaultConfigurationName = Release;
		};
		3557C7382A826A1300C72F17 /* Build configuration list for PBXNativeTarget "cafelogos-pos" */ = {
			isa = XCConfigurationList;
			buildConfigurations = (
				3557C7392A826A1300C72F17 /* Debug */,
				3557C73A2A826A1300C72F17 /* Release */,
			);
			defaultConfigurationIsVisible = 0;
			defaultConfigurationName = Release;
		};
		3557C73B2A826A1300C72F17 /* Build configuration list for PBXNativeTarget "cafelogos-posTests" */ = {
			isa = XCConfigurationList;
			buildConfigurations = (
				3557C73C2A826A1300C72F17 /* Debug */,
				3557C73D2A826A1300C72F17 /* Release */,
			);
			defaultConfigurationIsVisible = 0;
			defaultConfigurationName = Release;
		};
		3557C73E2A826A1300C72F17 /* Build configuration list for PBXNativeTarget "cafelogos-posUITests" */ = {
			isa = XCConfigurationList;
			buildConfigurations = (
				3557C73F2A826A1300C72F17 /* Debug */,
				3557C7402A826A1300C72F17 /* Release */,
			);
			defaultConfigurationIsVisible = 0;
			defaultConfigurationName = Release;
		};
/* End XCConfigurationList section */

/* Begin XCRemoteSwiftPackageReference section */
		35464AE42AD003660072720A /* XCRemoteSwiftPackageReference "realm-swift" */ = {
			isa = XCRemoteSwiftPackageReference;
			repositoryURL = "https://github.com/realm/realm-swift.git";
			requirement = {
				kind = upToNextMajorVersion;
				minimumVersion = 10.43.0;
			};
		};
		3547B1FC2ADB3ACA00770EF2 /* XCRemoteSwiftPackageReference "swifter" */ = {
			isa = XCRemoteSwiftPackageReference;
			repositoryURL = "https://github.com/httpswift/swifter.git";
			requirement = {
				kind = upToNextMajorVersion;
				minimumVersion = 1.5.0;
			};
		};
		3564C3DD2AD0199C00F84F42 /* XCRemoteSwiftPackageReference "ULID.swift" */ = {
			isa = XCRemoteSwiftPackageReference;
			repositoryURL = "https://github.com/yaslab/ULID.swift.git";
			requirement = {
				kind = revision;
				revision = 3ac471a5a86d869f6f2c78069b064d27edf960d4;
			};
		};
		3564C3E62AD01CD400F84F42 /* XCRemoteSwiftPackageReference "swift-dependencies" */ = {
			isa = XCRemoteSwiftPackageReference;
			repositoryURL = "https://github.com/pointfreeco/swift-dependencies.git";
			requirement = {
				kind = upToNextMajorVersion;
				minimumVersion = 1.0.0;
			};
		};
		35D4346D2AD602990043F7AE /* XCRemoteSwiftPackageReference "cafelogos-grpc" */ = {
			isa = XCRemoteSwiftPackageReference;
			repositoryURL = "https://github.com/KaguraGateway/cafelogos-grpc.git";
			requirement = {
				branch = main;
				kind = branch;
			};
		};
		35D434702AD603150043F7AE /* XCRemoteSwiftPackageReference "connect-swift" */ = {
			isa = XCRemoteSwiftPackageReference;
			repositoryURL = "https://github.com/connectrpc/connect-swift";
			requirement = {
				kind = upToNextMajorVersion;
				minimumVersion = 0.8.0;
			};
		};
		35D434752AD61C270043F7AE /* XCRemoteSwiftPackageReference "swift-protobuf" */ = {
			isa = XCRemoteSwiftPackageReference;
			repositoryURL = "https://github.com/apple/swift-protobuf.git";
			requirement = {
				kind = upToNextMajorVersion;
				minimumVersion = 1.24.0;
			};
		};
		35FCA97F2AD3F73D00164F52 /* XCRemoteSwiftPackageReference "StarXpand-SDK-iOS" */ = {
			isa = XCRemoteSwiftPackageReference;
			repositoryURL = "https://github.com/star-micronics/StarXpand-SDK-iOS";
			requirement = {
				kind = upToNextMajorVersion;
				minimumVersion = 2.4.0;
			};
		};
		35FDCD5B2A8FE1E700652093 /* XCRemoteSwiftPackageReference "swift-algorithms" */ = {
			isa = XCRemoteSwiftPackageReference;
			repositoryURL = "https://github.com/apple/swift-algorithms.git";
			requirement = {
				kind = upToNextMajorVersion;
				minimumVersion = 1.0.0;
			};
		};
/* End XCRemoteSwiftPackageReference section */

/* Begin XCSwiftPackageProductDependency section */
		3564C3C12AD0099B00F84F42 /* Realm */ = {
			isa = XCSwiftPackageProductDependency;
			package = 35464AE42AD003660072720A /* XCRemoteSwiftPackageReference "realm-swift" */;
			productName = Realm;
		};
		3564C3C32AD0099B00F84F42 /* RealmSwift */ = {
			isa = XCSwiftPackageProductDependency;
			package = 35464AE42AD003660072720A /* XCRemoteSwiftPackageReference "realm-swift" */;
			productName = RealmSwift;
		};
		3564C3DE2AD0199C00F84F42 /* ULID */ = {
			isa = XCSwiftPackageProductDependency;
			package = 3564C3DD2AD0199C00F84F42 /* XCRemoteSwiftPackageReference "ULID.swift" */;
			productName = ULID;
		};
		3564C3E72AD01CD400F84F42 /* Dependencies */ = {
			isa = XCSwiftPackageProductDependency;
			package = 3564C3E62AD01CD400F84F42 /* XCRemoteSwiftPackageReference "swift-dependencies" */;
			productName = Dependencies;
		};
		35D4346E2AD602990043F7AE /* cafelogos-grpc */ = {
			isa = XCSwiftPackageProductDependency;
			package = 35D4346D2AD602990043F7AE /* XCRemoteSwiftPackageReference "cafelogos-grpc" */;
			productName = "cafelogos-grpc";
		};
		35D434712AD603150043F7AE /* Connect */ = {
			isa = XCSwiftPackageProductDependency;
			package = 35D434702AD603150043F7AE /* XCRemoteSwiftPackageReference "connect-swift" */;
			productName = Connect;
		};
		35D434762AD61C270043F7AE /* SwiftProtobuf */ = {
			isa = XCSwiftPackageProductDependency;
			package = 35D434752AD61C270043F7AE /* XCRemoteSwiftPackageReference "swift-protobuf" */;
			productName = SwiftProtobuf;
		};
		35D434782AD61C270043F7AE /* SwiftProtobufPluginLibrary */ = {
			isa = XCSwiftPackageProductDependency;
			package = 35D434752AD61C270043F7AE /* XCRemoteSwiftPackageReference "swift-protobuf" */;
			productName = SwiftProtobufPluginLibrary;
		};
		35FCA9802AD3F73D00164F52 /* StarIO10 */ = {
			isa = XCSwiftPackageProductDependency;
			package = 35FCA97F2AD3F73D00164F52 /* XCRemoteSwiftPackageReference "StarXpand-SDK-iOS" */;
			productName = StarIO10;
		};
		35FDCD5C2A8FE1E700652093 /* Algorithms */ = {
			isa = XCSwiftPackageProductDependency;
			package = 35FDCD5B2A8FE1E700652093 /* XCRemoteSwiftPackageReference "swift-algorithms" */;
			productName = Algorithms;
		};
/* End XCSwiftPackageProductDependency section */
	};
	rootObject = 3557C70C2A826A1200C72F17 /* Project object */;
}
